// !$*UTF8*$!
{
	archiveVersion = 1;
	classes = {
	};
	objectVersion = 56;
	objects = {

/* Begin PBXBuildFile section */
		459C47AB2CB4131B000377D3 /* IChatRoomLogin.h in Headers */ = {isa = PBXBuildFile; fileRef = 459C47AA2CB4131B000377D3 /* IChatRoomLogin.h */; settings = {ATTRIBUTES = (Public, ); }; };
		459C47AF2CB4131B000377D3 /* IChatRoomLogin.framework in Embed Frameworks */ = {isa = PBXBuildFile; fileRef = 459C47A82CB4131B000377D3 /* IChatRoomLogin.framework */; settings = {ATTRIBUTES = (CodeSignOnCopy, RemoveHeadersOnCopy, ); }; };
		459C47B42CB41357000377D3 /* IChatRoomLogin.storyboard in Resources */ = {isa = PBXBuildFile; fileRef = 459C47B32CB41357000377D3 /* IChatRoomLogin.storyboard */; };
		459C47B62CB41383000377D3 /* IChatRoomLoginViewController.swift in Sources */ = {isa = PBXBuildFile; fileRef = 459C47B52CB41383000377D3 /* IChatRoomLoginViewController.swift */; };
		459C47D32CB423E4000377D3 /* IChatRoomLogin.xcassets in Resources */ = {isa = PBXBuildFile; fileRef = 459C47BE2CB41505000377D3 /* IChatRoomLogin.xcassets */; };
		459C47E12CB42DBB000377D3 /* Builder.swift in Sources */ = {isa = PBXBuildFile; fileRef = 459C47B72CB413BC000377D3 /* Builder.swift */; };
		459C481B2CB458D5000377D3 /* RxCocoa in Frameworks */ = {isa = PBXBuildFile; productRef = 459C481A2CB458D5000377D3 /* RxCocoa */; };
		459C481D2CB458D5000377D3 /* RxRelay in Frameworks */ = {isa = PBXBuildFile; productRef = 459C481C2CB458D5000377D3 /* RxRelay */; };
		459C481F2CB458D5000377D3 /* RxSwift in Frameworks */ = {isa = PBXBuildFile; productRef = 459C481E2CB458D5000377D3 /* RxSwift */; };
		459C48212CB45916000377D3 /* RxCocoa in Frameworks */ = {isa = PBXBuildFile; productRef = 459C48202CB45916000377D3 /* RxCocoa */; settings = {ATTRIBUTES = (Required, ); }; };
		459C48232CB45916000377D3 /* RxRelay in Frameworks */ = {isa = PBXBuildFile; productRef = 459C48222CB45916000377D3 /* RxRelay */; settings = {ATTRIBUTES = (Required, ); }; };
		459C48252CB45916000377D3 /* RxSwift in Frameworks */ = {isa = PBXBuildFile; productRef = 459C48242CB45916000377D3 /* RxSwift */; settings = {ATTRIBUTES = (Required, ); }; };
		459C48282CB4599D000377D3 /* SocketIO in Frameworks */ = {isa = PBXBuildFile; productRef = 459C48272CB4599D000377D3 /* SocketIO */; };
		459C482A2CB45E31000377D3 /* Presenter.swift in Sources */ = {isa = PBXBuildFile; fileRef = 459C48292CB45E31000377D3 /* Presenter.swift */; };
		459C482C2CB45FFC000377D3 /* Router.swift in Sources */ = {isa = PBXBuildFile; fileRef = 459C482B2CB45FFC000377D3 /* Router.swift */; };
		459C482E2CB469F2000377D3 /* String+Extension.swift in Sources */ = {isa = PBXBuildFile; fileRef = 459C482D2CB469F2000377D3 /* String+Extension.swift */; };
		459C48372CB46FD3000377D3 /* UseCases.h in Headers */ = {isa = PBXBuildFile; fileRef = 459C48362CB46FD3000377D3 /* UseCases.h */; settings = {ATTRIBUTES = (Public, ); }; };
		459C483A2CB46FD3000377D3 /* UseCases.framework in Frameworks */ = {isa = PBXBuildFile; fileRef = 459C48342CB46FD3000377D3 /* UseCases.framework */; };
		459C483B2CB46FD3000377D3 /* UseCases.framework in Embed Frameworks */ = {isa = PBXBuildFile; fileRef = 459C48342CB46FD3000377D3 /* UseCases.framework */; settings = {ATTRIBUTES = (CodeSignOnCopy, RemoveHeadersOnCopy, ); }; };
		459C48412CB47021000377D3 /* AccountInteractor.swift in Sources */ = {isa = PBXBuildFile; fileRef = 459C483F2CB46FF9000377D3 /* AccountInteractor.swift */; };
		459C48432CB47094000377D3 /* RxRelay in Frameworks */ = {isa = PBXBuildFile; productRef = 459C48422CB47094000377D3 /* RxRelay */; };
		459C48452CB47094000377D3 /* RxSwift in Frameworks */ = {isa = PBXBuildFile; productRef = 459C48442CB47094000377D3 /* RxSwift */; };
		459C484E2CB470F1000377D3 /* Models.h in Headers */ = {isa = PBXBuildFile; fileRef = 459C484D2CB470F1000377D3 /* Models.h */; settings = {ATTRIBUTES = (Public, ); }; };
		459C48512CB470F1000377D3 /* Models.framework in Frameworks */ = {isa = PBXBuildFile; fileRef = 459C484B2CB470F1000377D3 /* Models.framework */; };
		459C48522CB470F1000377D3 /* Models.framework in Embed Frameworks */ = {isa = PBXBuildFile; fileRef = 459C484B2CB470F1000377D3 /* Models.framework */; settings = {ATTRIBUTES = (CodeSignOnCopy, RemoveHeadersOnCopy, ); }; };
		459C48572CB47104000377D3 /* User.swift in Sources */ = {isa = PBXBuildFile; fileRef = 459C48562CB47104000377D3 /* User.swift */; };
		459C48602CB47183000377D3 /* IChatRoomService.h in Headers */ = {isa = PBXBuildFile; fileRef = 459C485F2CB47183000377D3 /* IChatRoomService.h */; settings = {ATTRIBUTES = (Public, ); }; };
		459C48632CB47183000377D3 /* IChatRoomService.framework in Frameworks */ = {isa = PBXBuildFile; fileRef = 459C485D2CB47183000377D3 /* IChatRoomService.framework */; };
		459C48642CB47183000377D3 /* IChatRoomService.framework in Embed Frameworks */ = {isa = PBXBuildFile; fileRef = 459C485D2CB47183000377D3 /* IChatRoomService.framework */; settings = {ATTRIBUTES = (CodeSignOnCopy, RemoveHeadersOnCopy, ); }; };
		459C48692CB471A1000377D3 /* IChatRoomWebSocketService.swift in Sources */ = {isa = PBXBuildFile; fileRef = 459C48682CB471A1000377D3 /* IChatRoomWebSocketService.swift */; };
		459C486B2CB472BB000377D3 /* UseCasesFactory.swift in Sources */ = {isa = PBXBuildFile; fileRef = 459C486A2CB472BB000377D3 /* UseCasesFactory.swift */; };
		45FA941C2CB2F3870045C70C /* AppDelegate.swift in Sources */ = {isa = PBXBuildFile; fileRef = 45FA941B2CB2F3870045C70C /* AppDelegate.swift */; };
		45FA941E2CB2F3870045C70C /* SceneDelegate.swift in Sources */ = {isa = PBXBuildFile; fileRef = 45FA941D2CB2F3870045C70C /* SceneDelegate.swift */; };
		45FA94202CB2F3870045C70C /* ViewController.swift in Sources */ = {isa = PBXBuildFile; fileRef = 45FA941F2CB2F3870045C70C /* ViewController.swift */; };
		45FA94232CB2F3870045C70C /* Base in Resources */ = {isa = PBXBuildFile; fileRef = 45FA94222CB2F3870045C70C /* Base */; };
		45FA94252CB2F3880045C70C /* Assets.xcassets in Resources */ = {isa = PBXBuildFile; fileRef = 45FA94242CB2F3880045C70C /* Assets.xcassets */; };
		45FA94282CB2F3880045C70C /* Base in Resources */ = {isa = PBXBuildFile; fileRef = 45FA94272CB2F3880045C70C /* Base */; };
		45FA94392CB2F4AC0045C70C /* Window.docc in Sources */ = {isa = PBXBuildFile; fileRef = 45FA94382CB2F4AC0045C70C /* Window.docc */; };
		45FA943A2CB2F4AC0045C70C /* Window.h in Headers */ = {isa = PBXBuildFile; fileRef = 45FA94372CB2F4AC0045C70C /* Window.h */; settings = {ATTRIBUTES = (Public, ); }; };
		45FA943E2CB2F4AC0045C70C /* Window.framework in Embed Frameworks */ = {isa = PBXBuildFile; fileRef = 45FA94352CB2F4AC0045C70C /* Window.framework */; settings = {ATTRIBUTES = (CodeSignOnCopy, RemoveHeadersOnCopy, ); }; };
		45FA94442CB2F5AD0045C70C /* Window.swift in Sources */ = {isa = PBXBuildFile; fileRef = 45FA94432CB2F5AD0045C70C /* Window.swift */; };
		45FA94462CB2F61B0045C70C /* Presenter.swift in Sources */ = {isa = PBXBuildFile; fileRef = 45FA94452CB2F61B0045C70C /* Presenter.swift */; };
		45FA94492CB2F6D20045C70C /* Router.swift in Sources */ = {isa = PBXBuildFile; fileRef = 45FA94472CB2F6730045C70C /* Router.swift */; };
		45FA944B2CB2F7250045C70C /* Builder.swift in Sources */ = {isa = PBXBuildFile; fileRef = 45FA944A2CB2F7250045C70C /* Builder.swift */; };
		45FA94552CB2FA200045C70C /* Landing.docc in Sources */ = {isa = PBXBuildFile; fileRef = 45FA94542CB2FA200045C70C /* Landing.docc */; };
		45FA94562CB2FA200045C70C /* Landing.h in Headers */ = {isa = PBXBuildFile; fileRef = 45FA94532CB2FA200045C70C /* Landing.h */; settings = {ATTRIBUTES = (Public, ); }; };
		45FA945A2CB2FA200045C70C /* Landing.framework in Embed Frameworks */ = {isa = PBXBuildFile; fileRef = 45FA94512CB2FA200045C70C /* Landing.framework */; settings = {ATTRIBUTES = (CodeSignOnCopy, RemoveHeadersOnCopy, ); }; };
		45FA945F2CB2FA7C0045C70C /* Landing.storyboard in Resources */ = {isa = PBXBuildFile; fileRef = 45FA945E2CB2FA7B0045C70C /* Landing.storyboard */; };
		45FA94652CB2FB210045C70C /* Builder.swift in Sources */ = {isa = PBXBuildFile; fileRef = 45FA94642CB2FB210045C70C /* Builder.swift */; };
		45FA946E2CB2FB990045C70C /* Utility.h in Headers */ = {isa = PBXBuildFile; fileRef = 45FA946D2CB2FB990045C70C /* Utility.h */; settings = {ATTRIBUTES = (Public, ); }; };
		45FA94722CB2FB990045C70C /* Utility.framework in Embed Frameworks */ = {isa = PBXBuildFile; fileRef = 45FA946B2CB2FB990045C70C /* Utility.framework */; settings = {ATTRIBUTES = (CodeSignOnCopy, RemoveHeadersOnCopy, ); }; };
		45FA94782CB2FBD50045C70C /* UIViewController+Extension.swift in Sources */ = {isa = PBXBuildFile; fileRef = 45FA94772CB2FBD50045C70C /* UIViewController+Extension.swift */; };
		45FA94792CB307D50045C70C /* LandingViewController.swift in Sources */ = {isa = PBXBuildFile; fileRef = 45FA94602CB2FAB00045C70C /* LandingViewController.swift */; };
		45FA947D2CB3124A0045C70C /* Landing.xcassets in Resources */ = {isa = PBXBuildFile; fileRef = 45FA947C2CB3124A0045C70C /* Landing.xcassets */; };
/* End PBXBuildFile section */

/* Begin PBXContainerItemProxy section */
		459C47AC2CB4131B000377D3 /* PBXContainerItemProxy */ = {
			isa = PBXContainerItemProxy;
			containerPortal = 45FA94102CB2F3870045C70C /* Project object */;
			proxyType = 1;
			remoteGlobalIDString = 459C47A72CB4131B000377D3;
			remoteInfo = IChatRoomLogin;
		};
		459C47BA2CB414A4000377D3 /* PBXContainerItemProxy */ = {
			isa = PBXContainerItemProxy;
			containerPortal = 45FA94102CB2F3870045C70C /* Project object */;
			proxyType = 1;
			remoteGlobalIDString = 45FA946A2CB2FB990045C70C;
			remoteInfo = Utility;
		};
		459C47BC2CB414C6000377D3 /* PBXContainerItemProxy */ = {
			isa = PBXContainerItemProxy;
			containerPortal = 45FA94102CB2F3870045C70C /* Project object */;
			proxyType = 1;
			remoteGlobalIDString = 45FA946A2CB2FB990045C70C;
			remoteInfo = Utility;
		};
		459C47CB2CB4223E000377D3 /* PBXContainerItemProxy */ = {
			isa = PBXContainerItemProxy;
			containerPortal = 45FA94102CB2F3870045C70C /* Project object */;
			proxyType = 1;
			remoteGlobalIDString = 45FA94502CB2FA200045C70C;
			remoteInfo = Landing;
		};
		459C47E32CB42DEA000377D3 /* PBXContainerItemProxy */ = {
			isa = PBXContainerItemProxy;
			containerPortal = 45FA94102CB2F3870045C70C /* Project object */;
			proxyType = 1;
			remoteGlobalIDString = 459C47A72CB4131B000377D3;
			remoteInfo = IChatRoomLogin;
		};
		459C48382CB46FD3000377D3 /* PBXContainerItemProxy */ = {
			isa = PBXContainerItemProxy;
			containerPortal = 45FA94102CB2F3870045C70C /* Project object */;
			proxyType = 1;
			remoteGlobalIDString = 459C48332CB46FD3000377D3;
			remoteInfo = UseCases;
		};
		459C484F2CB470F1000377D3 /* PBXContainerItemProxy */ = {
			isa = PBXContainerItemProxy;
			containerPortal = 45FA94102CB2F3870045C70C /* Project object */;
			proxyType = 1;
			remoteGlobalIDString = 459C484A2CB470F1000377D3;
			remoteInfo = Models;
		};
		459C48612CB47183000377D3 /* PBXContainerItemProxy */ = {
			isa = PBXContainerItemProxy;
			containerPortal = 45FA94102CB2F3870045C70C /* Project object */;
			proxyType = 1;
			remoteGlobalIDString = 459C485C2CB47183000377D3;
			remoteInfo = IChatRoomService;
		};
		459C486C2CB4734C000377D3 /* PBXContainerItemProxy */ = {
			isa = PBXContainerItemProxy;
			containerPortal = 45FA94102CB2F3870045C70C /* Project object */;
			proxyType = 1;
			remoteGlobalIDString = 459C485C2CB47183000377D3;
			remoteInfo = IChatRoomService;
		};
		459C486E2CB47459000377D3 /* PBXContainerItemProxy */ = {
			isa = PBXContainerItemProxy;
			containerPortal = 45FA94102CB2F3870045C70C /* Project object */;
			proxyType = 1;
			remoteGlobalIDString = 459C48332CB46FD3000377D3;
			remoteInfo = UseCases;
		};
		45FA943B2CB2F4AC0045C70C /* PBXContainerItemProxy */ = {
			isa = PBXContainerItemProxy;
			containerPortal = 45FA94102CB2F3870045C70C /* Project object */;
			proxyType = 1;
			remoteGlobalIDString = 45FA94342CB2F4AC0045C70C;
			remoteInfo = Window;
		};
		45FA94572CB2FA200045C70C /* PBXContainerItemProxy */ = {
			isa = PBXContainerItemProxy;
			containerPortal = 45FA94102CB2F3870045C70C /* Project object */;
			proxyType = 1;
			remoteGlobalIDString = 45FA94502CB2FA200045C70C;
			remoteInfo = Landing;
		};
		45FA946F2CB2FB990045C70C /* PBXContainerItemProxy */ = {
			isa = PBXContainerItemProxy;
			containerPortal = 45FA94102CB2F3870045C70C /* Project object */;
			proxyType = 1;
			remoteGlobalIDString = 45FA946A2CB2FB990045C70C;
			remoteInfo = Utility;
		};
/* End PBXContainerItemProxy section */

/* Begin PBXCopyFilesBuildPhase section */
		45FA94422CB2F4AC0045C70C /* Embed Frameworks */ = {
			isa = PBXCopyFilesBuildPhase;
			buildActionMask = 2147483647;
			dstPath = "";
			dstSubfolderSpec = 10;
			files = (
				459C48642CB47183000377D3 /* IChatRoomService.framework in Embed Frameworks */,
				45FA94722CB2FB990045C70C /* Utility.framework in Embed Frameworks */,
				45FA945A2CB2FA200045C70C /* Landing.framework in Embed Frameworks */,
				459C48522CB470F1000377D3 /* Models.framework in Embed Frameworks */,
				459C483B2CB46FD3000377D3 /* UseCases.framework in Embed Frameworks */,
				45FA943E2CB2F4AC0045C70C /* Window.framework in Embed Frameworks */,
				459C47AF2CB4131B000377D3 /* IChatRoomLogin.framework in Embed Frameworks */,
			);
			name = "Embed Frameworks";
			runOnlyForDeploymentPostprocessing = 0;
		};
/* End PBXCopyFilesBuildPhase section */

/* Begin PBXFileReference section */
		459C47A82CB4131B000377D3 /* IChatRoomLogin.framework */ = {isa = PBXFileReference; explicitFileType = wrapper.framework; includeInIndex = 0; path = IChatRoomLogin.framework; sourceTree = BUILT_PRODUCTS_DIR; };
		459C47AA2CB4131B000377D3 /* IChatRoomLogin.h */ = {isa = PBXFileReference; lastKnownFileType = sourcecode.c.h; path = IChatRoomLogin.h; sourceTree = "<group>"; };
		459C47B32CB41357000377D3 /* IChatRoomLogin.storyboard */ = {isa = PBXFileReference; lastKnownFileType = file.storyboard; path = IChatRoomLogin.storyboard; sourceTree = "<group>"; };
		459C47B52CB41383000377D3 /* IChatRoomLoginViewController.swift */ = {isa = PBXFileReference; lastKnownFileType = sourcecode.swift; path = IChatRoomLoginViewController.swift; sourceTree = "<group>"; };
		459C47B72CB413BC000377D3 /* Builder.swift */ = {isa = PBXFileReference; lastKnownFileType = sourcecode.swift; path = Builder.swift; sourceTree = "<group>"; };
		459C47BE2CB41505000377D3 /* IChatRoomLogin.xcassets */ = {isa = PBXFileReference; lastKnownFileType = folder.assetcatalog; path = IChatRoomLogin.xcassets; sourceTree = "<group>"; };
		459C48292CB45E31000377D3 /* Presenter.swift */ = {isa = PBXFileReference; lastKnownFileType = sourcecode.swift; path = Presenter.swift; sourceTree = "<group>"; };
		459C482B2CB45FFC000377D3 /* Router.swift */ = {isa = PBXFileReference; lastKnownFileType = sourcecode.swift; path = Router.swift; sourceTree = "<group>"; };
		459C482D2CB469F2000377D3 /* String+Extension.swift */ = {isa = PBXFileReference; lastKnownFileType = sourcecode.swift; path = "String+Extension.swift"; sourceTree = "<group>"; };
		459C48342CB46FD3000377D3 /* UseCases.framework */ = {isa = PBXFileReference; explicitFileType = wrapper.framework; includeInIndex = 0; path = UseCases.framework; sourceTree = BUILT_PRODUCTS_DIR; };
		459C48362CB46FD3000377D3 /* UseCases.h */ = {isa = PBXFileReference; lastKnownFileType = sourcecode.c.h; path = UseCases.h; sourceTree = "<group>"; };
		459C483F2CB46FF9000377D3 /* AccountInteractor.swift */ = {isa = PBXFileReference; lastKnownFileType = sourcecode.swift; path = AccountInteractor.swift; sourceTree = "<group>"; };
		459C484B2CB470F1000377D3 /* Models.framework */ = {isa = PBXFileReference; explicitFileType = wrapper.framework; includeInIndex = 0; path = Models.framework; sourceTree = BUILT_PRODUCTS_DIR; };
		459C484D2CB470F1000377D3 /* Models.h */ = {isa = PBXFileReference; lastKnownFileType = sourcecode.c.h; path = Models.h; sourceTree = "<group>"; };
		459C48562CB47104000377D3 /* User.swift */ = {isa = PBXFileReference; lastKnownFileType = sourcecode.swift; path = User.swift; sourceTree = "<group>"; };
		459C485D2CB47183000377D3 /* IChatRoomService.framework */ = {isa = PBXFileReference; explicitFileType = wrapper.framework; includeInIndex = 0; path = IChatRoomService.framework; sourceTree = BUILT_PRODUCTS_DIR; };
		459C485F2CB47183000377D3 /* IChatRoomService.h */ = {isa = PBXFileReference; lastKnownFileType = sourcecode.c.h; path = IChatRoomService.h; sourceTree = "<group>"; };
		459C48682CB471A1000377D3 /* IChatRoomWebSocketService.swift */ = {isa = PBXFileReference; lastKnownFileType = sourcecode.swift; path = IChatRoomWebSocketService.swift; sourceTree = "<group>"; };
		459C486A2CB472BB000377D3 /* UseCasesFactory.swift */ = {isa = PBXFileReference; lastKnownFileType = sourcecode.swift; path = UseCasesFactory.swift; sourceTree = "<group>"; };
		45FA94182CB2F3870045C70C /* iChatApp.app */ = {isa = PBXFileReference; explicitFileType = wrapper.application; includeInIndex = 0; path = iChatApp.app; sourceTree = BUILT_PRODUCTS_DIR; };
		45FA941B2CB2F3870045C70C /* AppDelegate.swift */ = {isa = PBXFileReference; lastKnownFileType = sourcecode.swift; path = AppDelegate.swift; sourceTree = "<group>"; };
		45FA941D2CB2F3870045C70C /* SceneDelegate.swift */ = {isa = PBXFileReference; lastKnownFileType = sourcecode.swift; path = SceneDelegate.swift; sourceTree = "<group>"; };
		45FA941F2CB2F3870045C70C /* ViewController.swift */ = {isa = PBXFileReference; lastKnownFileType = sourcecode.swift; path = ViewController.swift; sourceTree = "<group>"; };
		45FA94222CB2F3870045C70C /* Base */ = {isa = PBXFileReference; lastKnownFileType = file.storyboard; name = Base; path = Base.lproj/Main.storyboard; sourceTree = "<group>"; };
		45FA94242CB2F3880045C70C /* Assets.xcassets */ = {isa = PBXFileReference; lastKnownFileType = folder.assetcatalog; path = Assets.xcassets; sourceTree = "<group>"; };
		45FA94272CB2F3880045C70C /* Base */ = {isa = PBXFileReference; lastKnownFileType = file.storyboard; name = Base; path = Base.lproj/LaunchScreen.storyboard; sourceTree = "<group>"; };
		45FA94292CB2F3880045C70C /* Info.plist */ = {isa = PBXFileReference; lastKnownFileType = text.plist.xml; path = Info.plist; sourceTree = "<group>"; };
		45FA94352CB2F4AC0045C70C /* Window.framework */ = {isa = PBXFileReference; explicitFileType = wrapper.framework; includeInIndex = 0; path = Window.framework; sourceTree = BUILT_PRODUCTS_DIR; };
		45FA94372CB2F4AC0045C70C /* Window.h */ = {isa = PBXFileReference; lastKnownFileType = sourcecode.c.h; path = Window.h; sourceTree = "<group>"; };
		45FA94382CB2F4AC0045C70C /* Window.docc */ = {isa = PBXFileReference; lastKnownFileType = folder.documentationcatalog; path = Window.docc; sourceTree = "<group>"; };
		45FA94432CB2F5AD0045C70C /* Window.swift */ = {isa = PBXFileReference; lastKnownFileType = sourcecode.swift; path = Window.swift; sourceTree = "<group>"; };
		45FA94452CB2F61B0045C70C /* Presenter.swift */ = {isa = PBXFileReference; lastKnownFileType = sourcecode.swift; path = Presenter.swift; sourceTree = "<group>"; };
		45FA94472CB2F6730045C70C /* Router.swift */ = {isa = PBXFileReference; lastKnownFileType = sourcecode.swift; path = Router.swift; sourceTree = "<group>"; };
		45FA944A2CB2F7250045C70C /* Builder.swift */ = {isa = PBXFileReference; lastKnownFileType = sourcecode.swift; path = Builder.swift; sourceTree = "<group>"; };
		45FA94512CB2FA200045C70C /* Landing.framework */ = {isa = PBXFileReference; explicitFileType = wrapper.framework; includeInIndex = 0; path = Landing.framework; sourceTree = BUILT_PRODUCTS_DIR; };
		45FA94532CB2FA200045C70C /* Landing.h */ = {isa = PBXFileReference; lastKnownFileType = sourcecode.c.h; path = Landing.h; sourceTree = "<group>"; };
		45FA94542CB2FA200045C70C /* Landing.docc */ = {isa = PBXFileReference; lastKnownFileType = folder.documentationcatalog; path = Landing.docc; sourceTree = "<group>"; };
		45FA945E2CB2FA7B0045C70C /* Landing.storyboard */ = {isa = PBXFileReference; lastKnownFileType = file.storyboard; path = Landing.storyboard; sourceTree = "<group>"; };
		45FA94602CB2FAB00045C70C /* LandingViewController.swift */ = {isa = PBXFileReference; lastKnownFileType = sourcecode.swift; path = LandingViewController.swift; sourceTree = "<group>"; };
		45FA94642CB2FB210045C70C /* Builder.swift */ = {isa = PBXFileReference; lastKnownFileType = sourcecode.swift; path = Builder.swift; sourceTree = "<group>"; };
		45FA946B2CB2FB990045C70C /* Utility.framework */ = {isa = PBXFileReference; explicitFileType = wrapper.framework; includeInIndex = 0; path = Utility.framework; sourceTree = BUILT_PRODUCTS_DIR; };
		45FA946D2CB2FB990045C70C /* Utility.h */ = {isa = PBXFileReference; lastKnownFileType = sourcecode.c.h; path = Utility.h; sourceTree = "<group>"; };
		45FA94772CB2FBD50045C70C /* UIViewController+Extension.swift */ = {isa = PBXFileReference; lastKnownFileType = sourcecode.swift; path = "UIViewController+Extension.swift"; sourceTree = "<group>"; };
		45FA947C2CB3124A0045C70C /* Landing.xcassets */ = {isa = PBXFileReference; lastKnownFileType = folder.assetcatalog; path = Landing.xcassets; sourceTree = "<group>"; };
/* End PBXFileReference section */

/* Begin PBXFrameworksBuildPhase section */
		459C47A52CB4131B000377D3 /* Frameworks */ = {
			isa = PBXFrameworksBuildPhase;
			buildActionMask = 2147483647;
			files = (
				459C48252CB45916000377D3 /* RxSwift in Frameworks */,
				459C48232CB45916000377D3 /* RxRelay in Frameworks */,
				459C48212CB45916000377D3 /* RxCocoa in Frameworks */,
			);
			runOnlyForDeploymentPostprocessing = 0;
		};
		459C48312CB46FD3000377D3 /* Frameworks */ = {
			isa = PBXFrameworksBuildPhase;
			buildActionMask = 2147483647;
			files = (
				459C48452CB47094000377D3 /* RxSwift in Frameworks */,
				459C48432CB47094000377D3 /* RxRelay in Frameworks */,
			);
			runOnlyForDeploymentPostprocessing = 0;
		};
		459C48482CB470F1000377D3 /* Frameworks */ = {
			isa = PBXFrameworksBuildPhase;
			buildActionMask = 2147483647;
			files = (
			);
			runOnlyForDeploymentPostprocessing = 0;
		};
		459C485A2CB47183000377D3 /* Frameworks */ = {
			isa = PBXFrameworksBuildPhase;
			buildActionMask = 2147483647;
			files = (
			);
			runOnlyForDeploymentPostprocessing = 0;
		};
		45FA94152CB2F3870045C70C /* Frameworks */ = {
			isa = PBXFrameworksBuildPhase;
			buildActionMask = 2147483647;
			files = (
				459C48632CB47183000377D3 /* IChatRoomService.framework in Frameworks */,
				459C481F2CB458D5000377D3 /* RxSwift in Frameworks */,
				459C48282CB4599D000377D3 /* SocketIO in Frameworks */,
				459C48512CB470F1000377D3 /* Models.framework in Frameworks */,
				459C483A2CB46FD3000377D3 /* UseCases.framework in Frameworks */,
				459C481D2CB458D5000377D3 /* RxRelay in Frameworks */,
				459C481B2CB458D5000377D3 /* RxCocoa in Frameworks */,
			);
			runOnlyForDeploymentPostprocessing = 0;
		};
		45FA94322CB2F4AC0045C70C /* Frameworks */ = {
			isa = PBXFrameworksBuildPhase;
			buildActionMask = 2147483647;
			files = (
			);
			runOnlyForDeploymentPostprocessing = 0;
		};
		45FA944E2CB2FA200045C70C /* Frameworks */ = {
			isa = PBXFrameworksBuildPhase;
			buildActionMask = 2147483647;
			files = (
			);
			runOnlyForDeploymentPostprocessing = 0;
		};
		45FA94682CB2FB990045C70C /* Frameworks */ = {
			isa = PBXFrameworksBuildPhase;
			buildActionMask = 2147483647;
			files = (
			);
			runOnlyForDeploymentPostprocessing = 0;
		};
/* End PBXFrameworksBuildPhase section */

/* Begin PBXGroup section */
		459C47A92CB4131B000377D3 /* IChatRoomLogin */ = {
			isa = PBXGroup;
			children = (
				459C47B72CB413BC000377D3 /* Builder.swift */,
				459C47AA2CB4131B000377D3 /* IChatRoomLogin.h */,
				459C47B32CB41357000377D3 /* IChatRoomLogin.storyboard */,
				459C47BE2CB41505000377D3 /* IChatRoomLogin.xcassets */,
				459C47B52CB41383000377D3 /* IChatRoomLoginViewController.swift */,
				459C48292CB45E31000377D3 /* Presenter.swift */,
				459C482B2CB45FFC000377D3 /* Router.swift */,
			);
			path = IChatRoomLogin;
			sourceTree = "<group>";
		};
		459C48012CB456FC000377D3 /* Frameworks */ = {
			isa = PBXGroup;
			children = (
			);
			name = Frameworks;
			sourceTree = "<group>";
		};
		459C48352CB46FD3000377D3 /* UseCases */ = {
			isa = PBXGroup;
			children = (
				459C48362CB46FD3000377D3 /* UseCases.h */,
				459C483F2CB46FF9000377D3 /* AccountInteractor.swift */,
				459C486A2CB472BB000377D3 /* UseCasesFactory.swift */,
			);
			path = UseCases;
			sourceTree = "<group>";
		};
		459C484C2CB470F1000377D3 /* Models */ = {
			isa = PBXGroup;
			children = (
				459C484D2CB470F1000377D3 /* Models.h */,
				459C48562CB47104000377D3 /* User.swift */,
			);
			path = Models;
			sourceTree = "<group>";
		};
		459C485E2CB47183000377D3 /* IChatRoomService */ = {
			isa = PBXGroup;
			children = (
				459C485F2CB47183000377D3 /* IChatRoomService.h */,
				459C48682CB471A1000377D3 /* IChatRoomWebSocketService.swift */,
			);
			path = IChatRoomService;
			sourceTree = "<group>";
		};
		45FA940F2CB2F3870045C70C = {
			isa = PBXGroup;
			children = (
				45FA941A2CB2F3870045C70C /* iChatApp */,
				459C484C2CB470F1000377D3 /* Models */,
				459C485E2CB47183000377D3 /* IChatRoomService */,
				45FA94192CB2F3870045C70C /* Products */,
				459C48012CB456FC000377D3 /* Frameworks */,
			);
			sourceTree = "<group>";
		};
		45FA94192CB2F3870045C70C /* Products */ = {
			isa = PBXGroup;
			children = (
				45FA94182CB2F3870045C70C /* iChatApp.app */,
				45FA94352CB2F4AC0045C70C /* Window.framework */,
				45FA94512CB2FA200045C70C /* Landing.framework */,
				45FA946B2CB2FB990045C70C /* Utility.framework */,
				459C47A82CB4131B000377D3 /* IChatRoomLogin.framework */,
				459C48342CB46FD3000377D3 /* UseCases.framework */,
				459C484B2CB470F1000377D3 /* Models.framework */,
				459C485D2CB47183000377D3 /* IChatRoomService.framework */,
			);
			name = Products;
			sourceTree = "<group>";
		};
		45FA941A2CB2F3870045C70C /* iChatApp */ = {
			isa = PBXGroup;
			children = (
				45FA942F2CB2F46C0045C70C /* Modules */,
				45FA941B2CB2F3870045C70C /* AppDelegate.swift */,
				45FA941D2CB2F3870045C70C /* SceneDelegate.swift */,
				45FA941F2CB2F3870045C70C /* ViewController.swift */,
				45FA94212CB2F3870045C70C /* Main.storyboard */,
				45FA94242CB2F3880045C70C /* Assets.xcassets */,
				45FA94262CB2F3880045C70C /* LaunchScreen.storyboard */,
				45FA94292CB2F3880045C70C /* Info.plist */,
			);
			path = iChatApp;
			sourceTree = "<group>";
		};
		45FA942F2CB2F46C0045C70C /* Modules */ = {
			isa = PBXGroup;
			children = (
				459C47A92CB4131B000377D3 /* IChatRoomLogin */,
				45FA94522CB2FA200045C70C /* Landing */,
				45FA94762CB2FBA40045C70C /* Shared */,
				459C48352CB46FD3000377D3 /* UseCases */,
				45FA94362CB2F4AC0045C70C /* Window */,
			);
			path = Modules;
			sourceTree = "<group>";
		};
		45FA94362CB2F4AC0045C70C /* Window */ = {
			isa = PBXGroup;
			children = (
				45FA94372CB2F4AC0045C70C /* Window.h */,
				45FA94382CB2F4AC0045C70C /* Window.docc */,
				45FA94432CB2F5AD0045C70C /* Window.swift */,
				45FA94452CB2F61B0045C70C /* Presenter.swift */,
				45FA94472CB2F6730045C70C /* Router.swift */,
				45FA944A2CB2F7250045C70C /* Builder.swift */,
			);
			path = Window;
			sourceTree = "<group>";
		};
		45FA94522CB2FA200045C70C /* Landing */ = {
			isa = PBXGroup;
			children = (
				45FA94532CB2FA200045C70C /* Landing.h */,
				45FA94542CB2FA200045C70C /* Landing.docc */,
				45FA945E2CB2FA7B0045C70C /* Landing.storyboard */,
				45FA94602CB2FAB00045C70C /* LandingViewController.swift */,
				45FA94642CB2FB210045C70C /* Builder.swift */,
				45FA947C2CB3124A0045C70C /* Landing.xcassets */,
			);
			path = Landing;
			sourceTree = "<group>";
		};
		45FA946C2CB2FB990045C70C /* Utility */ = {
			isa = PBXGroup;
			children = (
				45FA946D2CB2FB990045C70C /* Utility.h */,
				45FA94772CB2FBD50045C70C /* UIViewController+Extension.swift */,
				459C482D2CB469F2000377D3 /* String+Extension.swift */,
			);
			path = Utility;
			sourceTree = "<group>";
		};
		45FA94762CB2FBA40045C70C /* Shared */ = {
			isa = PBXGroup;
			children = (
				45FA946C2CB2FB990045C70C /* Utility */,
			);
			path = Shared;
			sourceTree = "<group>";
		};
/* End PBXGroup section */

/* Begin PBXHeadersBuildPhase section */
		459C47A32CB4131B000377D3 /* Headers */ = {
			isa = PBXHeadersBuildPhase;
			buildActionMask = 2147483647;
			files = (
				459C47AB2CB4131B000377D3 /* IChatRoomLogin.h in Headers */,
			);
			runOnlyForDeploymentPostprocessing = 0;
		};
		459C482F2CB46FD3000377D3 /* Headers */ = {
			isa = PBXHeadersBuildPhase;
			buildActionMask = 2147483647;
			files = (
				459C48372CB46FD3000377D3 /* UseCases.h in Headers */,
			);
			runOnlyForDeploymentPostprocessing = 0;
		};
		459C48462CB470F1000377D3 /* Headers */ = {
			isa = PBXHeadersBuildPhase;
			buildActionMask = 2147483647;
			files = (
				459C484E2CB470F1000377D3 /* Models.h in Headers */,
			);
			runOnlyForDeploymentPostprocessing = 0;
		};
		459C48582CB47183000377D3 /* Headers */ = {
			isa = PBXHeadersBuildPhase;
			buildActionMask = 2147483647;
			files = (
				459C48602CB47183000377D3 /* IChatRoomService.h in Headers */,
			);
			runOnlyForDeploymentPostprocessing = 0;
		};
		45FA94302CB2F4AC0045C70C /* Headers */ = {
			isa = PBXHeadersBuildPhase;
			buildActionMask = 2147483647;
			files = (
				45FA943A2CB2F4AC0045C70C /* Window.h in Headers */,
			);
			runOnlyForDeploymentPostprocessing = 0;
		};
		45FA944C2CB2FA200045C70C /* Headers */ = {
			isa = PBXHeadersBuildPhase;
			buildActionMask = 2147483647;
			files = (
				45FA94562CB2FA200045C70C /* Landing.h in Headers */,
			);
			runOnlyForDeploymentPostprocessing = 0;
		};
		45FA94662CB2FB990045C70C /* Headers */ = {
			isa = PBXHeadersBuildPhase;
			buildActionMask = 2147483647;
			files = (
				45FA946E2CB2FB990045C70C /* Utility.h in Headers */,
			);
			runOnlyForDeploymentPostprocessing = 0;
		};
/* End PBXHeadersBuildPhase section */

/* Begin PBXNativeTarget section */
		459C47A72CB4131B000377D3 /* IChatRoomLogin */ = {
			isa = PBXNativeTarget;
			buildConfigurationList = 459C47B22CB4131B000377D3 /* Build configuration list for PBXNativeTarget "IChatRoomLogin" */;
			buildPhases = (
				459C47A32CB4131B000377D3 /* Headers */,
				459C47A42CB4131B000377D3 /* Sources */,
				459C47A52CB4131B000377D3 /* Frameworks */,
				459C47A62CB4131B000377D3 /* Resources */,
			);
			buildRules = (
			);
			dependencies = (
				459C486F2CB47459000377D3 /* PBXTargetDependency */,
				459C47BD2CB414C6000377D3 /* PBXTargetDependency */,
			);
			name = IChatRoomLogin;
			packageProductDependencies = (
				459C48202CB45916000377D3 /* RxCocoa */,
				459C48222CB45916000377D3 /* RxRelay */,
				459C48242CB45916000377D3 /* RxSwift */,
			);
			productName = IChatRoomLogin;
			productReference = 459C47A82CB4131B000377D3 /* IChatRoomLogin.framework */;
			productType = "com.apple.product-type.framework";
		};
		459C48332CB46FD3000377D3 /* UseCases */ = {
			isa = PBXNativeTarget;
			buildConfigurationList = 459C483C2CB46FD3000377D3 /* Build configuration list for PBXNativeTarget "UseCases" */;
			buildPhases = (
				459C482F2CB46FD3000377D3 /* Headers */,
				459C48302CB46FD3000377D3 /* Sources */,
				459C48312CB46FD3000377D3 /* Frameworks */,
				459C48322CB46FD3000377D3 /* Resources */,
			);
			buildRules = (
			);
			dependencies = (
				459C486D2CB4734C000377D3 /* PBXTargetDependency */,
			);
			name = UseCases;
			packageProductDependencies = (
				459C48422CB47094000377D3 /* RxRelay */,
				459C48442CB47094000377D3 /* RxSwift */,
			);
			productName = UseCases;
			productReference = 459C48342CB46FD3000377D3 /* UseCases.framework */;
			productType = "com.apple.product-type.framework";
		};
		459C484A2CB470F1000377D3 /* Models */ = {
			isa = PBXNativeTarget;
			buildConfigurationList = 459C48532CB470F1000377D3 /* Build configuration list for PBXNativeTarget "Models" */;
			buildPhases = (
				459C48462CB470F1000377D3 /* Headers */,
				459C48472CB470F1000377D3 /* Sources */,
				459C48482CB470F1000377D3 /* Frameworks */,
				459C48492CB470F1000377D3 /* Resources */,
			);
			buildRules = (
			);
			dependencies = (
			);
			name = Models;
			productName = Models;
			productReference = 459C484B2CB470F1000377D3 /* Models.framework */;
			productType = "com.apple.product-type.framework";
		};
		459C485C2CB47183000377D3 /* IChatRoomService */ = {
			isa = PBXNativeTarget;
			buildConfigurationList = 459C48652CB47183000377D3 /* Build configuration list for PBXNativeTarget "IChatRoomService" */;
			buildPhases = (
				459C48582CB47183000377D3 /* Headers */,
				459C48592CB47183000377D3 /* Sources */,
				459C485A2CB47183000377D3 /* Frameworks */,
				459C485B2CB47183000377D3 /* Resources */,
			);
			buildRules = (
			);
			dependencies = (
			);
			name = IChatRoomService;
			productName = IChatRoomService;
			productReference = 459C485D2CB47183000377D3 /* IChatRoomService.framework */;
			productType = "com.apple.product-type.framework";
		};
		45FA94172CB2F3870045C70C /* iChatApp */ = {
			isa = PBXNativeTarget;
			buildConfigurationList = 45FA942C2CB2F3880045C70C /* Build configuration list for PBXNativeTarget "iChatApp" */;
			buildPhases = (
				45FA94142CB2F3870045C70C /* Sources */,
				45FA94152CB2F3870045C70C /* Frameworks */,
				45FA94162CB2F3870045C70C /* Resources */,
				45FA94422CB2F4AC0045C70C /* Embed Frameworks */,
			);
			buildRules = (
			);
			dependencies = (
				45FA943C2CB2F4AC0045C70C /* PBXTargetDependency */,
				45FA94582CB2FA200045C70C /* PBXTargetDependency */,
				45FA94702CB2FB990045C70C /* PBXTargetDependency */,
				459C47AD2CB4131B000377D3 /* PBXTargetDependency */,
				459C48392CB46FD3000377D3 /* PBXTargetDependency */,
				459C48502CB470F1000377D3 /* PBXTargetDependency */,
				459C48622CB47183000377D3 /* PBXTargetDependency */,
			);
			name = iChatApp;
			packageProductDependencies = (
				459C481A2CB458D5000377D3 /* RxCocoa */,
				459C481C2CB458D5000377D3 /* RxRelay */,
				459C481E2CB458D5000377D3 /* RxSwift */,
				459C48272CB4599D000377D3 /* SocketIO */,
			);
			productName = iChatApp;
			productReference = 45FA94182CB2F3870045C70C /* iChatApp.app */;
			productType = "com.apple.product-type.application";
		};
		45FA94342CB2F4AC0045C70C /* Window */ = {
			isa = PBXNativeTarget;
			buildConfigurationList = 45FA943F2CB2F4AC0045C70C /* Build configuration list for PBXNativeTarget "Window" */;
			buildPhases = (
				45FA94302CB2F4AC0045C70C /* Headers */,
				45FA94312CB2F4AC0045C70C /* Sources */,
				45FA94322CB2F4AC0045C70C /* Frameworks */,
				45FA94332CB2F4AC0045C70C /* Resources */,
			);
			buildRules = (
			);
			dependencies = (
				459C47E42CB42DEA000377D3 /* PBXTargetDependency */,
				459C47CC2CB4223E000377D3 /* PBXTargetDependency */,
			);
			name = Window;
			productName = Window;
			productReference = 45FA94352CB2F4AC0045C70C /* Window.framework */;
			productType = "com.apple.product-type.framework";
		};
		45FA94502CB2FA200045C70C /* Landing */ = {
			isa = PBXNativeTarget;
			buildConfigurationList = 45FA945B2CB2FA200045C70C /* Build configuration list for PBXNativeTarget "Landing" */;
			buildPhases = (
				45FA944C2CB2FA200045C70C /* Headers */,
				45FA944D2CB2FA200045C70C /* Sources */,
				45FA944E2CB2FA200045C70C /* Frameworks */,
				45FA944F2CB2FA200045C70C /* Resources */,
			);
			buildRules = (
			);
			dependencies = (
				459C47BB2CB414A4000377D3 /* PBXTargetDependency */,
			);
			name = Landing;
			productName = Landing;
			productReference = 45FA94512CB2FA200045C70C /* Landing.framework */;
			productType = "com.apple.product-type.framework";
		};
		45FA946A2CB2FB990045C70C /* Utility */ = {
			isa = PBXNativeTarget;
			buildConfigurationList = 45FA94732CB2FB990045C70C /* Build configuration list for PBXNativeTarget "Utility" */;
			buildPhases = (
				45FA94662CB2FB990045C70C /* Headers */,
				45FA94672CB2FB990045C70C /* Sources */,
				45FA94682CB2FB990045C70C /* Frameworks */,
				45FA94692CB2FB990045C70C /* Resources */,
			);
			buildRules = (
			);
			dependencies = (
			);
			name = Utility;
			productName = Utility;
			productReference = 45FA946B2CB2FB990045C70C /* Utility.framework */;
			productType = "com.apple.product-type.framework";
		};
/* End PBXNativeTarget section */

/* Begin PBXProject section */
		45FA94102CB2F3870045C70C /* Project object */ = {
			isa = PBXProject;
			attributes = {
				BuildIndependentTargetsInParallel = 1;
				LastSwiftUpdateCheck = 1540;
				LastUpgradeCheck = 1540;
				TargetAttributes = {
					459C47A72CB4131B000377D3 = {
						CreatedOnToolsVersion = 15.4;
						LastSwiftMigration = 1540;
					};
					459C48332CB46FD3000377D3 = {
						CreatedOnToolsVersion = 15.4;
					};
					459C484A2CB470F1000377D3 = {
						CreatedOnToolsVersion = 15.4;
						LastSwiftMigration = 1540;
					};
					459C485C2CB47183000377D3 = {
						CreatedOnToolsVersion = 15.4;
						LastSwiftMigration = 1540;
					};
					45FA94172CB2F3870045C70C = {
						CreatedOnToolsVersion = 15.4;
					};
					45FA94342CB2F4AC0045C70C = {
						CreatedOnToolsVersion = 15.4;
					};
					45FA94502CB2FA200045C70C = {
						CreatedOnToolsVersion = 15.4;
					};
					45FA946A2CB2FB990045C70C = {
						CreatedOnToolsVersion = 15.4;
						LastSwiftMigration = 1540;
					};
				};
			};
			buildConfigurationList = 45FA94132CB2F3870045C70C /* Build configuration list for PBXProject "iChatApp" */;
			compatibilityVersion = "Xcode 14.0";
			developmentRegion = en;
			hasScannedForEncodings = 0;
			knownRegions = (
				en,
				Base,
			);
			mainGroup = 45FA940F2CB2F3870045C70C;
			packageReferences = (
				459C48192CB458D5000377D3 /* XCRemoteSwiftPackageReference "RxSwift" */,
				459C48262CB4599D000377D3 /* XCRemoteSwiftPackageReference "socket.io-client-swift" */,
			);
			productRefGroup = 45FA94192CB2F3870045C70C /* Products */;
			projectDirPath = "";
			projectRoot = "";
			targets = (
				45FA94172CB2F3870045C70C /* iChatApp */,
				45FA94342CB2F4AC0045C70C /* Window */,
				45FA94502CB2FA200045C70C /* Landing */,
				45FA946A2CB2FB990045C70C /* Utility */,
				459C47A72CB4131B000377D3 /* IChatRoomLogin */,
				459C48332CB46FD3000377D3 /* UseCases */,
				459C484A2CB470F1000377D3 /* Models */,
				459C485C2CB47183000377D3 /* IChatRoomService */,
			);
		};
/* End PBXProject section */

/* Begin PBXResourcesBuildPhase section */
		459C47A62CB4131B000377D3 /* Resources */ = {
			isa = PBXResourcesBuildPhase;
			buildActionMask = 2147483647;
			files = (
				459C47D32CB423E4000377D3 /* IChatRoomLogin.xcassets in Resources */,
				459C47B42CB41357000377D3 /* IChatRoomLogin.storyboard in Resources */,
			);
			runOnlyForDeploymentPostprocessing = 0;
		};
		459C48322CB46FD3000377D3 /* Resources */ = {
			isa = PBXResourcesBuildPhase;
			buildActionMask = 2147483647;
			files = (
			);
			runOnlyForDeploymentPostprocessing = 0;
		};
		459C48492CB470F1000377D3 /* Resources */ = {
			isa = PBXResourcesBuildPhase;
			buildActionMask = 2147483647;
			files = (
			);
			runOnlyForDeploymentPostprocessing = 0;
		};
		459C485B2CB47183000377D3 /* Resources */ = {
			isa = PBXResourcesBuildPhase;
			buildActionMask = 2147483647;
			files = (
			);
			runOnlyForDeploymentPostprocessing = 0;
		};
		45FA94162CB2F3870045C70C /* Resources */ = {
			isa = PBXResourcesBuildPhase;
			buildActionMask = 2147483647;
			files = (
				45FA94252CB2F3880045C70C /* Assets.xcassets in Resources */,
				45FA94282CB2F3880045C70C /* Base in Resources */,
				45FA94232CB2F3870045C70C /* Base in Resources */,
			);
			runOnlyForDeploymentPostprocessing = 0;
		};
		45FA94332CB2F4AC0045C70C /* Resources */ = {
			isa = PBXResourcesBuildPhase;
			buildActionMask = 2147483647;
			files = (
			);
			runOnlyForDeploymentPostprocessing = 0;
		};
		45FA944F2CB2FA200045C70C /* Resources */ = {
			isa = PBXResourcesBuildPhase;
			buildActionMask = 2147483647;
			files = (
				45FA945F2CB2FA7C0045C70C /* Landing.storyboard in Resources */,
				45FA947D2CB3124A0045C70C /* Landing.xcassets in Resources */,
			);
			runOnlyForDeploymentPostprocessing = 0;
		};
		45FA94692CB2FB990045C70C /* Resources */ = {
			isa = PBXResourcesBuildPhase;
			buildActionMask = 2147483647;
			files = (
			);
			runOnlyForDeploymentPostprocessing = 0;
		};
/* End PBXResourcesBuildPhase section */

/* Begin PBXSourcesBuildPhase section */
		459C47A42CB4131B000377D3 /* Sources */ = {
			isa = PBXSourcesBuildPhase;
			buildActionMask = 2147483647;
			files = (
				459C482C2CB45FFC000377D3 /* Router.swift in Sources */,
				459C482A2CB45E31000377D3 /* Presenter.swift in Sources */,
				459C47B62CB41383000377D3 /* IChatRoomLoginViewController.swift in Sources */,
				459C47E12CB42DBB000377D3 /* Builder.swift in Sources */,
			);
			runOnlyForDeploymentPostprocessing = 0;
		};
		459C48302CB46FD3000377D3 /* Sources */ = {
			isa = PBXSourcesBuildPhase;
			buildActionMask = 2147483647;
			files = (
				459C486B2CB472BB000377D3 /* UseCasesFactory.swift in Sources */,
				459C48412CB47021000377D3 /* AccountInteractor.swift in Sources */,
			);
			runOnlyForDeploymentPostprocessing = 0;
		};
		459C48472CB470F1000377D3 /* Sources */ = {
			isa = PBXSourcesBuildPhase;
			buildActionMask = 2147483647;
			files = (
				459C48572CB47104000377D3 /* User.swift in Sources */,
			);
			runOnlyForDeploymentPostprocessing = 0;
		};
		459C48592CB47183000377D3 /* Sources */ = {
			isa = PBXSourcesBuildPhase;
			buildActionMask = 2147483647;
			files = (
				459C48692CB471A1000377D3 /* IChatRoomWebSocketService.swift in Sources */,
			);
			runOnlyForDeploymentPostprocessing = 0;
		};
		45FA94142CB2F3870045C70C /* Sources */ = {
			isa = PBXSourcesBuildPhase;
			buildActionMask = 2147483647;
			files = (
				45FA94202CB2F3870045C70C /* ViewController.swift in Sources */,
				45FA941C2CB2F3870045C70C /* AppDelegate.swift in Sources */,
				45FA941E2CB2F3870045C70C /* SceneDelegate.swift in Sources */,
			);
			runOnlyForDeploymentPostprocessing = 0;
		};
		45FA94312CB2F4AC0045C70C /* Sources */ = {
			isa = PBXSourcesBuildPhase;
			buildActionMask = 2147483647;
			files = (
				45FA94492CB2F6D20045C70C /* Router.swift in Sources */,
				45FA94462CB2F61B0045C70C /* Presenter.swift in Sources */,
				45FA94392CB2F4AC0045C70C /* Window.docc in Sources */,
				45FA94442CB2F5AD0045C70C /* Window.swift in Sources */,
				45FA944B2CB2F7250045C70C /* Builder.swift in Sources */,
			);
			runOnlyForDeploymentPostprocessing = 0;
		};
		45FA944D2CB2FA200045C70C /* Sources */ = {
			isa = PBXSourcesBuildPhase;
			buildActionMask = 2147483647;
			files = (
				45FA94552CB2FA200045C70C /* Landing.docc in Sources */,
				45FA94792CB307D50045C70C /* LandingViewController.swift in Sources */,
				45FA94652CB2FB210045C70C /* Builder.swift in Sources */,
			);
			runOnlyForDeploymentPostprocessing = 0;
		};
		45FA94672CB2FB990045C70C /* Sources */ = {
			isa = PBXSourcesBuildPhase;
			buildActionMask = 2147483647;
			files = (
				459C482E2CB469F2000377D3 /* String+Extension.swift in Sources */,
				45FA94782CB2FBD50045C70C /* UIViewController+Extension.swift in Sources */,
			);
			runOnlyForDeploymentPostprocessing = 0;
		};
/* End PBXSourcesBuildPhase section */

/* Begin PBXTargetDependency section */
		459C47AD2CB4131B000377D3 /* PBXTargetDependency */ = {
			isa = PBXTargetDependency;
			target = 459C47A72CB4131B000377D3 /* IChatRoomLogin */;
			targetProxy = 459C47AC2CB4131B000377D3 /* PBXContainerItemProxy */;
		};
		459C47BB2CB414A4000377D3 /* PBXTargetDependency */ = {
			isa = PBXTargetDependency;
			target = 45FA946A2CB2FB990045C70C /* Utility */;
			targetProxy = 459C47BA2CB414A4000377D3 /* PBXContainerItemProxy */;
		};
		459C47BD2CB414C6000377D3 /* PBXTargetDependency */ = {
			isa = PBXTargetDependency;
			target = 45FA946A2CB2FB990045C70C /* Utility */;
			targetProxy = 459C47BC2CB414C6000377D3 /* PBXContainerItemProxy */;
		};
		459C47CC2CB4223E000377D3 /* PBXTargetDependency */ = {
			isa = PBXTargetDependency;
			target = 45FA94502CB2FA200045C70C /* Landing */;
			targetProxy = 459C47CB2CB4223E000377D3 /* PBXContainerItemProxy */;
		};
		459C47E42CB42DEA000377D3 /* PBXTargetDependency */ = {
			isa = PBXTargetDependency;
			target = 459C47A72CB4131B000377D3 /* IChatRoomLogin */;
			targetProxy = 459C47E32CB42DEA000377D3 /* PBXContainerItemProxy */;
		};
		459C48392CB46FD3000377D3 /* PBXTargetDependency */ = {
			isa = PBXTargetDependency;
			target = 459C48332CB46FD3000377D3 /* UseCases */;
			targetProxy = 459C48382CB46FD3000377D3 /* PBXContainerItemProxy */;
		};
		459C48502CB470F1000377D3 /* PBXTargetDependency */ = {
			isa = PBXTargetDependency;
			target = 459C484A2CB470F1000377D3 /* Models */;
			targetProxy = 459C484F2CB470F1000377D3 /* PBXContainerItemProxy */;
		};
		459C48622CB47183000377D3 /* PBXTargetDependency */ = {
			isa = PBXTargetDependency;
			target = 459C485C2CB47183000377D3 /* IChatRoomService */;
			targetProxy = 459C48612CB47183000377D3 /* PBXContainerItemProxy */;
		};
		459C486D2CB4734C000377D3 /* PBXTargetDependency */ = {
			isa = PBXTargetDependency;
			target = 459C485C2CB47183000377D3 /* IChatRoomService */;
			targetProxy = 459C486C2CB4734C000377D3 /* PBXContainerItemProxy */;
		};
		459C486F2CB47459000377D3 /* PBXTargetDependency */ = {
			isa = PBXTargetDependency;
			target = 459C48332CB46FD3000377D3 /* UseCases */;
			targetProxy = 459C486E2CB47459000377D3 /* PBXContainerItemProxy */;
		};
		45FA943C2CB2F4AC0045C70C /* PBXTargetDependency */ = {
			isa = PBXTargetDependency;
			target = 45FA94342CB2F4AC0045C70C /* Window */;
			targetProxy = 45FA943B2CB2F4AC0045C70C /* PBXContainerItemProxy */;
		};
		45FA94582CB2FA200045C70C /* PBXTargetDependency */ = {
			isa = PBXTargetDependency;
			target = 45FA94502CB2FA200045C70C /* Landing */;
			targetProxy = 45FA94572CB2FA200045C70C /* PBXContainerItemProxy */;
		};
		45FA94702CB2FB990045C70C /* PBXTargetDependency */ = {
			isa = PBXTargetDependency;
			target = 45FA946A2CB2FB990045C70C /* Utility */;
			targetProxy = 45FA946F2CB2FB990045C70C /* PBXContainerItemProxy */;
		};
/* End PBXTargetDependency section */

/* Begin PBXVariantGroup section */
		45FA94212CB2F3870045C70C /* Main.storyboard */ = {
			isa = PBXVariantGroup;
			children = (
				45FA94222CB2F3870045C70C /* Base */,
			);
			name = Main.storyboard;
			sourceTree = "<group>";
		};
		45FA94262CB2F3880045C70C /* LaunchScreen.storyboard */ = {
			isa = PBXVariantGroup;
			children = (
				45FA94272CB2F3880045C70C /* Base */,
			);
			name = LaunchScreen.storyboard;
			sourceTree = "<group>";
		};
/* End PBXVariantGroup section */

/* Begin XCBuildConfiguration section */
		459C47B02CB4131B000377D3 /* Debug */ = {
			isa = XCBuildConfiguration;
			buildSettings = {
				BUILD_LIBRARY_FOR_DISTRIBUTION = YES;
				CLANG_ENABLE_MODULES = YES;
				CODE_SIGN_STYLE = Automatic;
				CURRENT_PROJECT_VERSION = 1;
				DEFINES_MODULE = YES;
				DEVELOPMENT_TEAM = N2G2NDDG29;
				DYLIB_COMPATIBILITY_VERSION = 1;
				DYLIB_CURRENT_VERSION = 1;
				DYLIB_INSTALL_NAME_BASE = "@rpath";
				ENABLE_MODULE_VERIFIER = YES;
				GENERATE_INFOPLIST_FILE = YES;
				INFOPLIST_KEY_NSHumanReadableCopyright = "";
				INSTALL_PATH = "$(LOCAL_LIBRARY_DIR)/Frameworks";
				LD_RUNPATH_SEARCH_PATHS = (
					"$(inherited)",
					"@executable_path/Frameworks",
					"@loader_path/Frameworks",
				);
				MARKETING_VERSION = 1.0;
				MODULE_VERIFIER_SUPPORTED_LANGUAGES = "objective-c objective-c++";
				MODULE_VERIFIER_SUPPORTED_LANGUAGE_STANDARDS = "gnu17 gnu++20";
				PRODUCT_BUNDLE_IDENTIFIER = com.ahmettarik.application.viper.IChatRoomLogin;
				PRODUCT_NAME = "$(TARGET_NAME:c99extidentifier)";
				SKIP_INSTALL = YES;
				SWIFT_EMIT_LOC_STRINGS = YES;
				SWIFT_INSTALL_OBJC_HEADER = NO;
				SWIFT_OPTIMIZATION_LEVEL = "-Onone";
				SWIFT_VERSION = 5.0;
				TARGETED_DEVICE_FAMILY = "1,2";
				VERSIONING_SYSTEM = "apple-generic";
				VERSION_INFO_PREFIX = "";
			};
			name = Debug;
		};
		459C47B12CB4131B000377D3 /* Release */ = {
			isa = XCBuildConfiguration;
			buildSettings = {
				BUILD_LIBRARY_FOR_DISTRIBUTION = YES;
				CLANG_ENABLE_MODULES = YES;
				CODE_SIGN_STYLE = Automatic;
				CURRENT_PROJECT_VERSION = 1;
				DEFINES_MODULE = YES;
				DEVELOPMENT_TEAM = N2G2NDDG29;
				DYLIB_COMPATIBILITY_VERSION = 1;
				DYLIB_CURRENT_VERSION = 1;
				DYLIB_INSTALL_NAME_BASE = "@rpath";
				ENABLE_MODULE_VERIFIER = YES;
				GENERATE_INFOPLIST_FILE = YES;
				INFOPLIST_KEY_NSHumanReadableCopyright = "";
				INSTALL_PATH = "$(LOCAL_LIBRARY_DIR)/Frameworks";
				LD_RUNPATH_SEARCH_PATHS = (
					"$(inherited)",
					"@executable_path/Frameworks",
					"@loader_path/Frameworks",
				);
				MARKETING_VERSION = 1.0;
				MODULE_VERIFIER_SUPPORTED_LANGUAGES = "objective-c objective-c++";
				MODULE_VERIFIER_SUPPORTED_LANGUAGE_STANDARDS = "gnu17 gnu++20";
				PRODUCT_BUNDLE_IDENTIFIER = com.ahmettarik.application.viper.IChatRoomLogin;
				PRODUCT_NAME = "$(TARGET_NAME:c99extidentifier)";
				SKIP_INSTALL = YES;
				SWIFT_EMIT_LOC_STRINGS = YES;
				SWIFT_INSTALL_OBJC_HEADER = NO;
				SWIFT_VERSION = 5.0;
				TARGETED_DEVICE_FAMILY = "1,2";
				VERSIONING_SYSTEM = "apple-generic";
				VERSION_INFO_PREFIX = "";
			};
			name = Release;
		};
		459C483D2CB46FD3000377D3 /* Debug */ = {
			isa = XCBuildConfiguration;
			buildSettings = {
				BUILD_LIBRARY_FOR_DISTRIBUTION = YES;
				CODE_SIGN_STYLE = Automatic;
				CURRENT_PROJECT_VERSION = 1;
				DEFINES_MODULE = YES;
				DEVELOPMENT_TEAM = N2G2NDDG29;
				DYLIB_COMPATIBILITY_VERSION = 1;
				DYLIB_CURRENT_VERSION = 1;
				DYLIB_INSTALL_NAME_BASE = "@rpath";
				ENABLE_MODULE_VERIFIER = YES;
				GENERATE_INFOPLIST_FILE = YES;
				INFOPLIST_KEY_NSHumanReadableCopyright = "";
				INSTALL_PATH = "$(LOCAL_LIBRARY_DIR)/Frameworks";
				LD_RUNPATH_SEARCH_PATHS = (
					"$(inherited)",
					"@executable_path/Frameworks",
					"@loader_path/Frameworks",
				);
				MARKETING_VERSION = 1.0;
				MODULE_VERIFIER_SUPPORTED_LANGUAGES = "objective-c objective-c++";
				MODULE_VERIFIER_SUPPORTED_LANGUAGE_STANDARDS = "gnu17 gnu++20";
				PRODUCT_BUNDLE_IDENTIFIER = com.ahmettarik.application.viper.UseCases;
				PRODUCT_NAME = "$(TARGET_NAME:c99extidentifier)";
				SKIP_INSTALL = YES;
				SWIFT_EMIT_LOC_STRINGS = YES;
				SWIFT_INSTALL_OBJC_HEADER = NO;
				SWIFT_VERSION = 5.0;
				TARGETED_DEVICE_FAMILY = "1,2";
				VERSIONING_SYSTEM = "apple-generic";
				VERSION_INFO_PREFIX = "";
			};
			name = Debug;
		};
		459C483E2CB46FD3000377D3 /* Release */ = {
			isa = XCBuildConfiguration;
			buildSettings = {
				BUILD_LIBRARY_FOR_DISTRIBUTION = YES;
				CODE_SIGN_STYLE = Automatic;
				CURRENT_PROJECT_VERSION = 1;
				DEFINES_MODULE = YES;
				DEVELOPMENT_TEAM = N2G2NDDG29;
				DYLIB_COMPATIBILITY_VERSION = 1;
				DYLIB_CURRENT_VERSION = 1;
				DYLIB_INSTALL_NAME_BASE = "@rpath";
				ENABLE_MODULE_VERIFIER = YES;
				GENERATE_INFOPLIST_FILE = YES;
				INFOPLIST_KEY_NSHumanReadableCopyright = "";
				INSTALL_PATH = "$(LOCAL_LIBRARY_DIR)/Frameworks";
				LD_RUNPATH_SEARCH_PATHS = (
					"$(inherited)",
					"@executable_path/Frameworks",
					"@loader_path/Frameworks",
				);
				MARKETING_VERSION = 1.0;
				MODULE_VERIFIER_SUPPORTED_LANGUAGES = "objective-c objective-c++";
				MODULE_VERIFIER_SUPPORTED_LANGUAGE_STANDARDS = "gnu17 gnu++20";
				PRODUCT_BUNDLE_IDENTIFIER = com.ahmettarik.application.viper.UseCases;
				PRODUCT_NAME = "$(TARGET_NAME:c99extidentifier)";
				SKIP_INSTALL = YES;
				SWIFT_EMIT_LOC_STRINGS = YES;
				SWIFT_INSTALL_OBJC_HEADER = NO;
				SWIFT_VERSION = 5.0;
				TARGETED_DEVICE_FAMILY = "1,2";
				VERSIONING_SYSTEM = "apple-generic";
				VERSION_INFO_PREFIX = "";
			};
			name = Release;
		};
		459C48542CB470F1000377D3 /* Debug */ = {
			isa = XCBuildConfiguration;
			buildSettings = {
				BUILD_LIBRARY_FOR_DISTRIBUTION = YES;
				CLANG_ENABLE_MODULES = YES;
				CODE_SIGN_STYLE = Automatic;
				CURRENT_PROJECT_VERSION = 1;
				DEFINES_MODULE = YES;
				DEVELOPMENT_TEAM = N2G2NDDG29;
				DYLIB_COMPATIBILITY_VERSION = 1;
				DYLIB_CURRENT_VERSION = 1;
				DYLIB_INSTALL_NAME_BASE = "@rpath";
				ENABLE_MODULE_VERIFIER = YES;
				GENERATE_INFOPLIST_FILE = YES;
				INFOPLIST_KEY_NSHumanReadableCopyright = "";
				INSTALL_PATH = "$(LOCAL_LIBRARY_DIR)/Frameworks";
				LD_RUNPATH_SEARCH_PATHS = (
					"$(inherited)",
					"@executable_path/Frameworks",
					"@loader_path/Frameworks",
				);
				MARKETING_VERSION = 1.0;
				MODULE_VERIFIER_SUPPORTED_LANGUAGES = "objective-c objective-c++";
				MODULE_VERIFIER_SUPPORTED_LANGUAGE_STANDARDS = "gnu17 gnu++20";
				PRODUCT_BUNDLE_IDENTIFIER = com.ahmettarik.application.viper.Models;
				PRODUCT_NAME = "$(TARGET_NAME:c99extidentifier)";
				SKIP_INSTALL = YES;
				SWIFT_EMIT_LOC_STRINGS = YES;
				SWIFT_INSTALL_OBJC_HEADER = NO;
				SWIFT_OPTIMIZATION_LEVEL = "-Onone";
				SWIFT_VERSION = 5.0;
				TARGETED_DEVICE_FAMILY = "1,2";
				VERSIONING_SYSTEM = "apple-generic";
				VERSION_INFO_PREFIX = "";
			};
			name = Debug;
		};
		459C48552CB470F1000377D3 /* Release */ = {
			isa = XCBuildConfiguration;
			buildSettings = {
				BUILD_LIBRARY_FOR_DISTRIBUTION = YES;
				CLANG_ENABLE_MODULES = YES;
				CODE_SIGN_STYLE = Automatic;
				CURRENT_PROJECT_VERSION = 1;
				DEFINES_MODULE = YES;
				DEVELOPMENT_TEAM = N2G2NDDG29;
				DYLIB_COMPATIBILITY_VERSION = 1;
				DYLIB_CURRENT_VERSION = 1;
				DYLIB_INSTALL_NAME_BASE = "@rpath";
				ENABLE_MODULE_VERIFIER = YES;
				GENERATE_INFOPLIST_FILE = YES;
				INFOPLIST_KEY_NSHumanReadableCopyright = "";
				INSTALL_PATH = "$(LOCAL_LIBRARY_DIR)/Frameworks";
				LD_RUNPATH_SEARCH_PATHS = (
					"$(inherited)",
					"@executable_path/Frameworks",
					"@loader_path/Frameworks",
				);
				MARKETING_VERSION = 1.0;
				MODULE_VERIFIER_SUPPORTED_LANGUAGES = "objective-c objective-c++";
				MODULE_VERIFIER_SUPPORTED_LANGUAGE_STANDARDS = "gnu17 gnu++20";
				PRODUCT_BUNDLE_IDENTIFIER = com.ahmettarik.application.viper.Models;
				PRODUCT_NAME = "$(TARGET_NAME:c99extidentifier)";
				SKIP_INSTALL = YES;
				SWIFT_EMIT_LOC_STRINGS = YES;
				SWIFT_INSTALL_OBJC_HEADER = NO;
				SWIFT_VERSION = 5.0;
				TARGETED_DEVICE_FAMILY = "1,2";
				VERSIONING_SYSTEM = "apple-generic";
				VERSION_INFO_PREFIX = "";
			};
			name = Release;
		};
		459C48662CB47183000377D3 /* Debug */ = {
			isa = XCBuildConfiguration;
			buildSettings = {
				BUILD_LIBRARY_FOR_DISTRIBUTION = YES;
				CLANG_ENABLE_MODULES = YES;
				CODE_SIGN_STYLE = Automatic;
				CURRENT_PROJECT_VERSION = 1;
				DEFINES_MODULE = YES;
				DEVELOPMENT_TEAM = N2G2NDDG29;
				DYLIB_COMPATIBILITY_VERSION = 1;
				DYLIB_CURRENT_VERSION = 1;
				DYLIB_INSTALL_NAME_BASE = "@rpath";
				ENABLE_MODULE_VERIFIER = YES;
				GENERATE_INFOPLIST_FILE = YES;
				INFOPLIST_KEY_NSHumanReadableCopyright = "";
				INSTALL_PATH = "$(LOCAL_LIBRARY_DIR)/Frameworks";
				LD_RUNPATH_SEARCH_PATHS = (
					"$(inherited)",
					"@executable_path/Frameworks",
					"@loader_path/Frameworks",
				);
				MARKETING_VERSION = 1.0;
				MODULE_VERIFIER_SUPPORTED_LANGUAGES = "objective-c objective-c++";
				MODULE_VERIFIER_SUPPORTED_LANGUAGE_STANDARDS = "gnu17 gnu++20";
				PRODUCT_BUNDLE_IDENTIFIER = com.ahmettarik.application.viper.IChatRoomService;
				PRODUCT_NAME = "$(TARGET_NAME:c99extidentifier)";
				SKIP_INSTALL = YES;
				SWIFT_EMIT_LOC_STRINGS = YES;
				SWIFT_INSTALL_OBJC_HEADER = NO;
				SWIFT_OPTIMIZATION_LEVEL = "-Onone";
				SWIFT_VERSION = 5.0;
				TARGETED_DEVICE_FAMILY = "1,2";
				VERSIONING_SYSTEM = "apple-generic";
				VERSION_INFO_PREFIX = "";
			};
			name = Debug;
		};
		459C48672CB47183000377D3 /* Release */ = {
			isa = XCBuildConfiguration;
			buildSettings = {
				BUILD_LIBRARY_FOR_DISTRIBUTION = YES;
				CLANG_ENABLE_MODULES = YES;
				CODE_SIGN_STYLE = Automatic;
				CURRENT_PROJECT_VERSION = 1;
				DEFINES_MODULE = YES;
				DEVELOPMENT_TEAM = N2G2NDDG29;
				DYLIB_COMPATIBILITY_VERSION = 1;
				DYLIB_CURRENT_VERSION = 1;
				DYLIB_INSTALL_NAME_BASE = "@rpath";
				ENABLE_MODULE_VERIFIER = YES;
				GENERATE_INFOPLIST_FILE = YES;
				INFOPLIST_KEY_NSHumanReadableCopyright = "";
				INSTALL_PATH = "$(LOCAL_LIBRARY_DIR)/Frameworks";
				LD_RUNPATH_SEARCH_PATHS = (
					"$(inherited)",
					"@executable_path/Frameworks",
					"@loader_path/Frameworks",
				);
				MARKETING_VERSION = 1.0;
				MODULE_VERIFIER_SUPPORTED_LANGUAGES = "objective-c objective-c++";
				MODULE_VERIFIER_SUPPORTED_LANGUAGE_STANDARDS = "gnu17 gnu++20";
				PRODUCT_BUNDLE_IDENTIFIER = com.ahmettarik.application.viper.IChatRoomService;
				PRODUCT_NAME = "$(TARGET_NAME:c99extidentifier)";
				SKIP_INSTALL = YES;
				SWIFT_EMIT_LOC_STRINGS = YES;
				SWIFT_INSTALL_OBJC_HEADER = NO;
				SWIFT_VERSION = 5.0;
				TARGETED_DEVICE_FAMILY = "1,2";
				VERSIONING_SYSTEM = "apple-generic";
				VERSION_INFO_PREFIX = "";
			};
			name = Release;
		};
		45FA942A2CB2F3880045C70C /* Debug */ = {
			isa = XCBuildConfiguration;
			buildSettings = {
				ALWAYS_SEARCH_USER_PATHS = NO;
				ASSETCATALOG_COMPILER_GENERATE_SWIFT_ASSET_SYMBOL_EXTENSIONS = YES;
				CLANG_ANALYZER_NONNULL = YES;
				CLANG_ANALYZER_NUMBER_OBJECT_CONVERSION = YES_AGGRESSIVE;
				CLANG_CXX_LANGUAGE_STANDARD = "gnu++20";
				CLANG_ENABLE_MODULES = YES;
				CLANG_ENABLE_OBJC_ARC = YES;
				CLANG_ENABLE_OBJC_WEAK = YES;
				CLANG_WARN_BLOCK_CAPTURE_AUTORELEASING = YES;
				CLANG_WARN_BOOL_CONVERSION = YES;
				CLANG_WARN_COMMA = YES;
				CLANG_WARN_CONSTANT_CONVERSION = YES;
				CLANG_WARN_DEPRECATED_OBJC_IMPLEMENTATIONS = YES;
				CLANG_WARN_DIRECT_OBJC_ISA_USAGE = YES_ERROR;
				CLANG_WARN_DOCUMENTATION_COMMENTS = YES;
				CLANG_WARN_EMPTY_BODY = YES;
				CLANG_WARN_ENUM_CONVERSION = YES;
				CLANG_WARN_INFINITE_RECURSION = YES;
				CLANG_WARN_INT_CONVERSION = YES;
				CLANG_WARN_NON_LITERAL_NULL_CONVERSION = YES;
				CLANG_WARN_OBJC_IMPLICIT_RETAIN_SELF = YES;
				CLANG_WARN_OBJC_LITERAL_CONVERSION = YES;
				CLANG_WARN_OBJC_ROOT_CLASS = YES_ERROR;
				CLANG_WARN_QUOTED_INCLUDE_IN_FRAMEWORK_HEADER = YES;
				CLANG_WARN_RANGE_LOOP_ANALYSIS = YES;
				CLANG_WARN_STRICT_PROTOTYPES = YES;
				CLANG_WARN_SUSPICIOUS_MOVE = YES;
				CLANG_WARN_UNGUARDED_AVAILABILITY = YES_AGGRESSIVE;
				CLANG_WARN_UNREACHABLE_CODE = YES;
				CLANG_WARN__DUPLICATE_METHOD_MATCH = YES;
				COPY_PHASE_STRIP = NO;
				DEBUG_INFORMATION_FORMAT = dwarf;
				ENABLE_STRICT_OBJC_MSGSEND = YES;
				ENABLE_TESTABILITY = YES;
				ENABLE_USER_SCRIPT_SANDBOXING = YES;
				GCC_C_LANGUAGE_STANDARD = gnu17;
				GCC_DYNAMIC_NO_PIC = NO;
				GCC_NO_COMMON_BLOCKS = YES;
				GCC_OPTIMIZATION_LEVEL = 0;
				GCC_PREPROCESSOR_DEFINITIONS = (
					"DEBUG=1",
					"$(inherited)",
				);
				GCC_WARN_64_TO_32_BIT_CONVERSION = YES;
				GCC_WARN_ABOUT_RETURN_TYPE = YES_ERROR;
				GCC_WARN_UNDECLARED_SELECTOR = YES;
				GCC_WARN_UNINITIALIZED_AUTOS = YES_AGGRESSIVE;
				GCC_WARN_UNUSED_FUNCTION = YES;
				GCC_WARN_UNUSED_VARIABLE = YES;
				IPHONEOS_DEPLOYMENT_TARGET = 17.5;
				LOCALIZATION_PREFERS_STRING_CATALOGS = YES;
				MTL_ENABLE_DEBUG_INFO = INCLUDE_SOURCE;
				MTL_FAST_MATH = YES;
				ONLY_ACTIVE_ARCH = YES;
				SDKROOT = iphoneos;
				SWIFT_ACTIVE_COMPILATION_CONDITIONS = "DEBUG $(inherited)";
				SWIFT_OPTIMIZATION_LEVEL = "-Onone";
			};
			name = Debug;
		};
		45FA942B2CB2F3880045C70C /* Release */ = {
			isa = XCBuildConfiguration;
			buildSettings = {
				ALWAYS_SEARCH_USER_PATHS = NO;
				ASSETCATALOG_COMPILER_GENERATE_SWIFT_ASSET_SYMBOL_EXTENSIONS = YES;
				CLANG_ANALYZER_NONNULL = YES;
				CLANG_ANALYZER_NUMBER_OBJECT_CONVERSION = YES_AGGRESSIVE;
				CLANG_CXX_LANGUAGE_STANDARD = "gnu++20";
				CLANG_ENABLE_MODULES = YES;
				CLANG_ENABLE_OBJC_ARC = YES;
				CLANG_ENABLE_OBJC_WEAK = YES;
				CLANG_WARN_BLOCK_CAPTURE_AUTORELEASING = YES;
				CLANG_WARN_BOOL_CONVERSION = YES;
				CLANG_WARN_COMMA = YES;
				CLANG_WARN_CONSTANT_CONVERSION = YES;
				CLANG_WARN_DEPRECATED_OBJC_IMPLEMENTATIONS = YES;
				CLANG_WARN_DIRECT_OBJC_ISA_USAGE = YES_ERROR;
				CLANG_WARN_DOCUMENTATION_COMMENTS = YES;
				CLANG_WARN_EMPTY_BODY = YES;
				CLANG_WARN_ENUM_CONVERSION = YES;
				CLANG_WARN_INFINITE_RECURSION = YES;
				CLANG_WARN_INT_CONVERSION = YES;
				CLANG_WARN_NON_LITERAL_NULL_CONVERSION = YES;
				CLANG_WARN_OBJC_IMPLICIT_RETAIN_SELF = YES;
				CLANG_WARN_OBJC_LITERAL_CONVERSION = YES;
				CLANG_WARN_OBJC_ROOT_CLASS = YES_ERROR;
				CLANG_WARN_QUOTED_INCLUDE_IN_FRAMEWORK_HEADER = YES;
				CLANG_WARN_RANGE_LOOP_ANALYSIS = YES;
				CLANG_WARN_STRICT_PROTOTYPES = YES;
				CLANG_WARN_SUSPICIOUS_MOVE = YES;
				CLANG_WARN_UNGUARDED_AVAILABILITY = YES_AGGRESSIVE;
				CLANG_WARN_UNREACHABLE_CODE = YES;
				CLANG_WARN__DUPLICATE_METHOD_MATCH = YES;
				COPY_PHASE_STRIP = NO;
				DEBUG_INFORMATION_FORMAT = "dwarf-with-dsym";
				ENABLE_NS_ASSERTIONS = NO;
				ENABLE_STRICT_OBJC_MSGSEND = YES;
				ENABLE_USER_SCRIPT_SANDBOXING = YES;
				GCC_C_LANGUAGE_STANDARD = gnu17;
				GCC_NO_COMMON_BLOCKS = YES;
				GCC_WARN_64_TO_32_BIT_CONVERSION = YES;
				GCC_WARN_ABOUT_RETURN_TYPE = YES_ERROR;
				GCC_WARN_UNDECLARED_SELECTOR = YES;
				GCC_WARN_UNINITIALIZED_AUTOS = YES_AGGRESSIVE;
				GCC_WARN_UNUSED_FUNCTION = YES;
				GCC_WARN_UNUSED_VARIABLE = YES;
				IPHONEOS_DEPLOYMENT_TARGET = 17.5;
				LOCALIZATION_PREFERS_STRING_CATALOGS = YES;
				MTL_ENABLE_DEBUG_INFO = NO;
				MTL_FAST_MATH = YES;
				SDKROOT = iphoneos;
				SWIFT_COMPILATION_MODE = wholemodule;
				VALIDATE_PRODUCT = YES;
			};
			name = Release;
		};
		45FA942D2CB2F3880045C70C /* Debug */ = {
			isa = XCBuildConfiguration;
			buildSettings = {
				ALWAYS_EMBED_SWIFT_STANDARD_LIBRARIES = YES;
				ASSETCATALOG_COMPILER_APPICON_NAME = AppIcon;
				ASSETCATALOG_COMPILER_GLOBAL_ACCENT_COLOR_NAME = AccentColor;
				CODE_SIGN_STYLE = Automatic;
				CURRENT_PROJECT_VERSION = 1;
				DEVELOPMENT_TEAM = N2G2NDDG29;
				GENERATE_INFOPLIST_FILE = YES;
				INFOPLIST_FILE = iChatApp/Info.plist;
				INFOPLIST_KEY_UIApplicationSupportsIndirectInputEvents = YES;
				INFOPLIST_KEY_UILaunchStoryboardName = LaunchScreen;
				INFOPLIST_KEY_UISupportedInterfaceOrientations_iPad = "UIInterfaceOrientationPortrait UIInterfaceOrientationPortraitUpsideDown UIInterfaceOrientationLandscapeLeft UIInterfaceOrientationLandscapeRight";
				INFOPLIST_KEY_UISupportedInterfaceOrientations_iPhone = "UIInterfaceOrientationPortrait UIInterfaceOrientationLandscapeLeft UIInterfaceOrientationLandscapeRight";
				IPHONEOS_DEPLOYMENT_TARGET = 15.5;
				LD_RUNPATH_SEARCH_PATHS = (
					"$(inherited)",
					"@executable_path/Frameworks",
				);
				MARKETING_VERSION = 1.0;
				PRODUCT_BUNDLE_IDENTIFIER = com.ahmettarik.application.viper.iChatApp;
				PRODUCT_NAME = "$(TARGET_NAME)";
				SUPPORTED_PLATFORMS = "iphoneos iphonesimulator";
				SUPPORTS_MACCATALYST = NO;
				SUPPORTS_MAC_DESIGNED_FOR_IPHONE_IPAD = NO;
				SUPPORTS_XR_DESIGNED_FOR_IPHONE_IPAD = NO;
				SWIFT_EMIT_LOC_STRINGS = YES;
				SWIFT_VERSION = 5.0;
				TARGETED_DEVICE_FAMILY = "1,2";
			};
			name = Debug;
		};
		45FA942E2CB2F3880045C70C /* Release */ = {
			isa = XCBuildConfiguration;
			buildSettings = {
				ALWAYS_EMBED_SWIFT_STANDARD_LIBRARIES = YES;
				ASSETCATALOG_COMPILER_APPICON_NAME = AppIcon;
				ASSETCATALOG_COMPILER_GLOBAL_ACCENT_COLOR_NAME = AccentColor;
				CODE_SIGN_STYLE = Automatic;
				CURRENT_PROJECT_VERSION = 1;
				DEVELOPMENT_TEAM = N2G2NDDG29;
				GENERATE_INFOPLIST_FILE = YES;
				INFOPLIST_FILE = iChatApp/Info.plist;
				INFOPLIST_KEY_UIApplicationSupportsIndirectInputEvents = YES;
				INFOPLIST_KEY_UILaunchStoryboardName = LaunchScreen;
				INFOPLIST_KEY_UISupportedInterfaceOrientations_iPad = "UIInterfaceOrientationPortrait UIInterfaceOrientationPortraitUpsideDown UIInterfaceOrientationLandscapeLeft UIInterfaceOrientationLandscapeRight";
				INFOPLIST_KEY_UISupportedInterfaceOrientations_iPhone = "UIInterfaceOrientationPortrait UIInterfaceOrientationLandscapeLeft UIInterfaceOrientationLandscapeRight";
				IPHONEOS_DEPLOYMENT_TARGET = 15.5;
				LD_RUNPATH_SEARCH_PATHS = (
					"$(inherited)",
					"@executable_path/Frameworks",
				);
				MARKETING_VERSION = 1.0;
				PRODUCT_BUNDLE_IDENTIFIER = com.ahmettarik.application.viper.iChatApp;
				PRODUCT_NAME = "$(TARGET_NAME)";
				SUPPORTED_PLATFORMS = "iphoneos iphonesimulator";
				SUPPORTS_MACCATALYST = NO;
				SUPPORTS_MAC_DESIGNED_FOR_IPHONE_IPAD = NO;
				SUPPORTS_XR_DESIGNED_FOR_IPHONE_IPAD = NO;
				SWIFT_EMIT_LOC_STRINGS = YES;
				SWIFT_VERSION = 5.0;
				TARGETED_DEVICE_FAMILY = "1,2";
			};
			name = Release;
		};
		45FA94402CB2F4AC0045C70C /* Debug */ = {
			isa = XCBuildConfiguration;
			buildSettings = {
				BUILD_LIBRARY_FOR_DISTRIBUTION = YES;
				CODE_SIGN_STYLE = Automatic;
				CURRENT_PROJECT_VERSION = 1;
				DEFINES_MODULE = YES;
				DEVELOPMENT_TEAM = N2G2NDDG29;
				DYLIB_COMPATIBILITY_VERSION = 1;
				DYLIB_CURRENT_VERSION = 1;
				DYLIB_INSTALL_NAME_BASE = "@rpath";
				ENABLE_MODULE_VERIFIER = YES;
				GENERATE_INFOPLIST_FILE = YES;
				INFOPLIST_KEY_NSHumanReadableCopyright = "";
				INSTALL_PATH = "$(LOCAL_LIBRARY_DIR)/Frameworks";
				IPHONEOS_DEPLOYMENT_TARGET = 15.5;
				LD_RUNPATH_SEARCH_PATHS = (
					"$(inherited)",
					"@executable_path/Frameworks",
					"@loader_path/Frameworks",
				);
				MARKETING_VERSION = 1.0;
				MODULE_VERIFIER_SUPPORTED_LANGUAGES = "objective-c objective-c++";
				MODULE_VERIFIER_SUPPORTED_LANGUAGE_STANDARDS = "gnu17 gnu++20";
				PRODUCT_BUNDLE_IDENTIFIER = com.ahmettarik.application.viper.Window;
				PRODUCT_NAME = "$(TARGET_NAME:c99extidentifier)";
				SKIP_INSTALL = YES;
				SUPPORTED_PLATFORMS = "iphoneos iphonesimulator";
				SUPPORTS_MACCATALYST = NO;
				SUPPORTS_MAC_DESIGNED_FOR_IPHONE_IPAD = NO;
				SUPPORTS_XR_DESIGNED_FOR_IPHONE_IPAD = NO;
				SWIFT_EMIT_LOC_STRINGS = YES;
				SWIFT_INSTALL_OBJC_HEADER = NO;
				SWIFT_VERSION = 5.0;
				TARGETED_DEVICE_FAMILY = "1,2";
				VERSIONING_SYSTEM = "apple-generic";
				VERSION_INFO_PREFIX = "";
			};
			name = Debug;
		};
		45FA94412CB2F4AC0045C70C /* Release */ = {
			isa = XCBuildConfiguration;
			buildSettings = {
				BUILD_LIBRARY_FOR_DISTRIBUTION = YES;
				CODE_SIGN_STYLE = Automatic;
				CURRENT_PROJECT_VERSION = 1;
				DEFINES_MODULE = YES;
				DEVELOPMENT_TEAM = N2G2NDDG29;
				DYLIB_COMPATIBILITY_VERSION = 1;
				DYLIB_CURRENT_VERSION = 1;
				DYLIB_INSTALL_NAME_BASE = "@rpath";
				ENABLE_MODULE_VERIFIER = YES;
				GENERATE_INFOPLIST_FILE = YES;
				INFOPLIST_KEY_NSHumanReadableCopyright = "";
				INSTALL_PATH = "$(LOCAL_LIBRARY_DIR)/Frameworks";
				IPHONEOS_DEPLOYMENT_TARGET = 15.5;
				LD_RUNPATH_SEARCH_PATHS = (
					"$(inherited)",
					"@executable_path/Frameworks",
					"@loader_path/Frameworks",
				);
				MARKETING_VERSION = 1.0;
				MODULE_VERIFIER_SUPPORTED_LANGUAGES = "objective-c objective-c++";
				MODULE_VERIFIER_SUPPORTED_LANGUAGE_STANDARDS = "gnu17 gnu++20";
				PRODUCT_BUNDLE_IDENTIFIER = com.ahmettarik.application.viper.Window;
				PRODUCT_NAME = "$(TARGET_NAME:c99extidentifier)";
				SKIP_INSTALL = YES;
				SUPPORTED_PLATFORMS = "iphoneos iphonesimulator";
				SUPPORTS_MACCATALYST = NO;
				SUPPORTS_MAC_DESIGNED_FOR_IPHONE_IPAD = NO;
				SUPPORTS_XR_DESIGNED_FOR_IPHONE_IPAD = NO;
				SWIFT_EMIT_LOC_STRINGS = YES;
				SWIFT_INSTALL_OBJC_HEADER = NO;
				SWIFT_VERSION = 5.0;
				TARGETED_DEVICE_FAMILY = "1,2";
				VERSIONING_SYSTEM = "apple-generic";
				VERSION_INFO_PREFIX = "";
			};
			name = Release;
		};
		45FA945C2CB2FA200045C70C /* Debug */ = {
			isa = XCBuildConfiguration;
			buildSettings = {
				BUILD_LIBRARY_FOR_DISTRIBUTION = YES;
				CODE_SIGN_STYLE = Automatic;
				CURRENT_PROJECT_VERSION = 1;
				DEFINES_MODULE = YES;
				DEVELOPMENT_TEAM = N2G2NDDG29;
				DYLIB_COMPATIBILITY_VERSION = 1;
				DYLIB_CURRENT_VERSION = 1;
				DYLIB_INSTALL_NAME_BASE = "@rpath";
				ENABLE_MODULE_VERIFIER = YES;
				GENERATE_INFOPLIST_FILE = YES;
				INFOPLIST_KEY_NSHumanReadableCopyright = "";
				INSTALL_PATH = "$(LOCAL_LIBRARY_DIR)/Frameworks";
				LD_RUNPATH_SEARCH_PATHS = (
					"$(inherited)",
					"@executable_path/Frameworks",
					"@loader_path/Frameworks",
				);
				MARKETING_VERSION = 1.0;
				MODULE_VERIFIER_SUPPORTED_LANGUAGES = "objective-c objective-c++";
				MODULE_VERIFIER_SUPPORTED_LANGUAGE_STANDARDS = "gnu17 gnu++20";
				PRODUCT_BUNDLE_IDENTIFIER = com.ahmettarik.application.viper.Landing;
				PRODUCT_NAME = "$(TARGET_NAME:c99extidentifier)";
				SKIP_INSTALL = YES;
				SWIFT_EMIT_LOC_STRINGS = YES;
				SWIFT_INSTALL_OBJC_HEADER = NO;
				SWIFT_VERSION = 5.0;
				TARGETED_DEVICE_FAMILY = "1,2";
				VERSIONING_SYSTEM = "apple-generic";
				VERSION_INFO_PREFIX = "";
			};
			name = Debug;
		};
		45FA945D2CB2FA200045C70C /* Release */ = {
			isa = XCBuildConfiguration;
			buildSettings = {
				BUILD_LIBRARY_FOR_DISTRIBUTION = YES;
				CODE_SIGN_STYLE = Automatic;
				CURRENT_PROJECT_VERSION = 1;
				DEFINES_MODULE = YES;
				DEVELOPMENT_TEAM = N2G2NDDG29;
				DYLIB_COMPATIBILITY_VERSION = 1;
				DYLIB_CURRENT_VERSION = 1;
				DYLIB_INSTALL_NAME_BASE = "@rpath";
				ENABLE_MODULE_VERIFIER = YES;
				GENERATE_INFOPLIST_FILE = YES;
				INFOPLIST_KEY_NSHumanReadableCopyright = "";
				INSTALL_PATH = "$(LOCAL_LIBRARY_DIR)/Frameworks";
				LD_RUNPATH_SEARCH_PATHS = (
					"$(inherited)",
					"@executable_path/Frameworks",
					"@loader_path/Frameworks",
				);
				MARKETING_VERSION = 1.0;
				MODULE_VERIFIER_SUPPORTED_LANGUAGES = "objective-c objective-c++";
				MODULE_VERIFIER_SUPPORTED_LANGUAGE_STANDARDS = "gnu17 gnu++20";
				PRODUCT_BUNDLE_IDENTIFIER = com.ahmettarik.application.viper.Landing;
				PRODUCT_NAME = "$(TARGET_NAME:c99extidentifier)";
				SKIP_INSTALL = YES;
				SWIFT_EMIT_LOC_STRINGS = YES;
				SWIFT_INSTALL_OBJC_HEADER = NO;
				SWIFT_VERSION = 5.0;
				TARGETED_DEVICE_FAMILY = "1,2";
				VERSIONING_SYSTEM = "apple-generic";
				VERSION_INFO_PREFIX = "";
			};
			name = Release;
		};
		45FA94742CB2FB990045C70C /* Debug */ = {
			isa = XCBuildConfiguration;
			buildSettings = {
				BUILD_LIBRARY_FOR_DISTRIBUTION = YES;
				CLANG_ENABLE_MODULES = YES;
				CODE_SIGN_STYLE = Automatic;
				CURRENT_PROJECT_VERSION = 1;
				DEFINES_MODULE = YES;
				DEVELOPMENT_TEAM = N2G2NDDG29;
				DYLIB_COMPATIBILITY_VERSION = 1;
				DYLIB_CURRENT_VERSION = 1;
				DYLIB_INSTALL_NAME_BASE = "@rpath";
				ENABLE_MODULE_VERIFIER = YES;
				GENERATE_INFOPLIST_FILE = YES;
				INFOPLIST_KEY_NSHumanReadableCopyright = "";
				INSTALL_PATH = "$(LOCAL_LIBRARY_DIR)/Frameworks";
				LD_RUNPATH_SEARCH_PATHS = (
					"$(inherited)",
					"@executable_path/Frameworks",
					"@loader_path/Frameworks",
				);
				MARKETING_VERSION = 1.0;
				MODULE_VERIFIER_SUPPORTED_LANGUAGES = "objective-c objective-c++";
				MODULE_VERIFIER_SUPPORTED_LANGUAGE_STANDARDS = "gnu17 gnu++20";
				PRODUCT_BUNDLE_IDENTIFIER = com.ahmettarik.application.viper.Utility;
				PRODUCT_NAME = "$(TARGET_NAME:c99extidentifier)";
				SKIP_INSTALL = YES;
				SWIFT_EMIT_LOC_STRINGS = YES;
				SWIFT_INSTALL_OBJC_HEADER = NO;
				SWIFT_OPTIMIZATION_LEVEL = "-Onone";
				SWIFT_VERSION = 5.0;
				TARGETED_DEVICE_FAMILY = "1,2";
				VERSIONING_SYSTEM = "apple-generic";
				VERSION_INFO_PREFIX = "";
			};
			name = Debug;
		};
		45FA94752CB2FB990045C70C /* Release */ = {
			isa = XCBuildConfiguration;
			buildSettings = {
				BUILD_LIBRARY_FOR_DISTRIBUTION = YES;
				CLANG_ENABLE_MODULES = YES;
				CODE_SIGN_STYLE = Automatic;
				CURRENT_PROJECT_VERSION = 1;
				DEFINES_MODULE = YES;
				DEVELOPMENT_TEAM = N2G2NDDG29;
				DYLIB_COMPATIBILITY_VERSION = 1;
				DYLIB_CURRENT_VERSION = 1;
				DYLIB_INSTALL_NAME_BASE = "@rpath";
				ENABLE_MODULE_VERIFIER = YES;
				GENERATE_INFOPLIST_FILE = YES;
				INFOPLIST_KEY_NSHumanReadableCopyright = "";
				INSTALL_PATH = "$(LOCAL_LIBRARY_DIR)/Frameworks";
				LD_RUNPATH_SEARCH_PATHS = (
					"$(inherited)",
					"@executable_path/Frameworks",
					"@loader_path/Frameworks",
				);
				MARKETING_VERSION = 1.0;
				MODULE_VERIFIER_SUPPORTED_LANGUAGES = "objective-c objective-c++";
				MODULE_VERIFIER_SUPPORTED_LANGUAGE_STANDARDS = "gnu17 gnu++20";
				PRODUCT_BUNDLE_IDENTIFIER = com.ahmettarik.application.viper.Utility;
				PRODUCT_NAME = "$(TARGET_NAME:c99extidentifier)";
				SKIP_INSTALL = YES;
				SWIFT_EMIT_LOC_STRINGS = YES;
				SWIFT_INSTALL_OBJC_HEADER = NO;
				SWIFT_VERSION = 5.0;
				TARGETED_DEVICE_FAMILY = "1,2";
				VERSIONING_SYSTEM = "apple-generic";
				VERSION_INFO_PREFIX = "";
			};
			name = Release;
		};
/* End XCBuildConfiguration section */

/* Begin XCConfigurationList section */
		459C47B22CB4131B000377D3 /* Build configuration list for PBXNativeTarget "IChatRoomLogin" */ = {
			isa = XCConfigurationList;
			buildConfigurations = (
				459C47B02CB4131B000377D3 /* Debug */,
				459C47B12CB4131B000377D3 /* Release */,
			);
			defaultConfigurationIsVisible = 0;
			defaultConfigurationName = Release;
		};
		459C483C2CB46FD3000377D3 /* Build configuration list for PBXNativeTarget "UseCases" */ = {
			isa = XCConfigurationList;
			buildConfigurations = (
				459C483D2CB46FD3000377D3 /* Debug */,
				459C483E2CB46FD3000377D3 /* Release */,
			);
			defaultConfigurationIsVisible = 0;
			defaultConfigurationName = Release;
		};
		459C48532CB470F1000377D3 /* Build configuration list for PBXNativeTarget "Models" */ = {
			isa = XCConfigurationList;
			buildConfigurations = (
				459C48542CB470F1000377D3 /* Debug */,
				459C48552CB470F1000377D3 /* Release */,
			);
			defaultConfigurationIsVisible = 0;
			defaultConfigurationName = Release;
		};
		459C48652CB47183000377D3 /* Build configuration list for PBXNativeTarget "IChatRoomService" */ = {
			isa = XCConfigurationList;
			buildConfigurations = (
				459C48662CB47183000377D3 /* Debug */,
				459C48672CB47183000377D3 /* Release */,
			);
			defaultConfigurationIsVisible = 0;
			defaultConfigurationName = Release;
		};
		45FA94132CB2F3870045C70C /* Build configuration list for PBXProject "iChatApp" */ = {
			isa = XCConfigurationList;
			buildConfigurations = (
				45FA942A2CB2F3880045C70C /* Debug */,
				45FA942B2CB2F3880045C70C /* Release */,
			);
			defaultConfigurationIsVisible = 0;
			defaultConfigurationName = Release;
		};
		45FA942C2CB2F3880045C70C /* Build configuration list for PBXNativeTarget "iChatApp" */ = {
			isa = XCConfigurationList;
			buildConfigurations = (
				45FA942D2CB2F3880045C70C /* Debug */,
				45FA942E2CB2F3880045C70C /* Release */,
			);
			defaultConfigurationIsVisible = 0;
			defaultConfigurationName = Release;
		};
		45FA943F2CB2F4AC0045C70C /* Build configuration list for PBXNativeTarget "Window" */ = {
			isa = XCConfigurationList;
			buildConfigurations = (
				45FA94402CB2F4AC0045C70C /* Debug */,
				45FA94412CB2F4AC0045C70C /* Release */,
			);
			defaultConfigurationIsVisible = 0;
			defaultConfigurationName = Release;
		};
		45FA945B2CB2FA200045C70C /* Build configuration list for PBXNativeTarget "Landing" */ = {
			isa = XCConfigurationList;
			buildConfigurations = (
				45FA945C2CB2FA200045C70C /* Debug */,
				45FA945D2CB2FA200045C70C /* Release */,
			);
			defaultConfigurationIsVisible = 0;
			defaultConfigurationName = Release;
		};
		45FA94732CB2FB990045C70C /* Build configuration list for PBXNativeTarget "Utility" */ = {
			isa = XCConfigurationList;
			buildConfigurations = (
				45FA94742CB2FB990045C70C /* Debug */,
				45FA94752CB2FB990045C70C /* Release */,
			);
			defaultConfigurationIsVisible = 0;
			defaultConfigurationName = Release;
		};
/* End XCConfigurationList section */

/* Begin XCRemoteSwiftPackageReference section */
		459C48192CB458D5000377D3 /* XCRemoteSwiftPackageReference "RxSwift" */ = {
			isa = XCRemoteSwiftPackageReference;
			repositoryURL = "https://github.com/ReactiveX/RxSwift.git";
			requirement = {
				kind = upToNextMajorVersion;
				minimumVersion = 6.8.0;
			};
		};
		459C48262CB4599D000377D3 /* XCRemoteSwiftPackageReference "socket.io-client-swift" */ = {
			isa = XCRemoteSwiftPackageReference;
			repositoryURL = "https://github.com/socketio/socket.io-client-swift.git";
			requirement = {
				branch = master;
				kind = branch;
			};
		};
/* End XCRemoteSwiftPackageReference section */

/* Begin XCSwiftPackageProductDependency section */
		459C481A2CB458D5000377D3 /* RxCocoa */ = {
			isa = XCSwiftPackageProductDependency;
			package = 459C48192CB458D5000377D3 /* XCRemoteSwiftPackageReference "RxSwift" */;
			productName = RxCocoa;
		};
		459C481C2CB458D5000377D3 /* RxRelay */ = {
			isa = XCSwiftPackageProductDependency;
			package = 459C48192CB458D5000377D3 /* XCRemoteSwiftPackageReference "RxSwift" */;
			productName = RxRelay;
		};
		459C481E2CB458D5000377D3 /* RxSwift */ = {
			isa = XCSwiftPackageProductDependency;
			package = 459C48192CB458D5000377D3 /* XCRemoteSwiftPackageReference "RxSwift" */;
			productName = RxSwift;
		};
		459C48202CB45916000377D3 /* RxCocoa */ = {
			isa = XCSwiftPackageProductDependency;
			package = 459C48192CB458D5000377D3 /* XCRemoteSwiftPackageReference "RxSwift" */;
			productName = RxCocoa;
		};
		459C48222CB45916000377D3 /* RxRelay */ = {
			isa = XCSwiftPackageProductDependency;
			package = 459C48192CB458D5000377D3 /* XCRemoteSwiftPackageReference "RxSwift" */;
			productName = RxRelay;
		};
		459C48242CB45916000377D3 /* RxSwift */ = {
			isa = XCSwiftPackageProductDependency;
			package = 459C48192CB458D5000377D3 /* XCRemoteSwiftPackageReference "RxSwift" */;
			productName = RxSwift;
		};
		459C48272CB4599D000377D3 /* SocketIO */ = {
			isa = XCSwiftPackageProductDependency;
			package = 459C48262CB4599D000377D3 /* XCRemoteSwiftPackageReference "socket.io-client-swift" */;
			productName = SocketIO;
		};
		459C48422CB47094000377D3 /* RxRelay */ = {
			isa = XCSwiftPackageProductDependency;
			package = 459C48192CB458D5000377D3 /* XCRemoteSwiftPackageReference "RxSwift" */;
			productName = RxRelay;
		};
		459C48442CB47094000377D3 /* RxSwift */ = {
			isa = XCSwiftPackageProductDependency;
			package = 459C48192CB458D5000377D3 /* XCRemoteSwiftPackageReference "RxSwift" */;
			productName = RxSwift;
		};
/* End XCSwiftPackageProductDependency section */
	};
	rootObject = 45FA94102CB2F3870045C70C /* Project object */;
}
