// !$*UTF8*$!
{
	archiveVersion = 1;
	classes = {
	};
	objectVersion = 56;
	objects = {

/* Begin PBXBuildFile section */
		45FA941C2CB2F3870045C70C /* AppDelegate.swift in Sources */ = {isa = PBXBuildFile; fileRef = 45FA941B2CB2F3870045C70C /* AppDelegate.swift */; };
		45FA941E2CB2F3870045C70C /* SceneDelegate.swift in Sources */ = {isa = PBXBuildFile; fileRef = 45FA941D2CB2F3870045C70C /* SceneDelegate.swift */; };
		45FA94202CB2F3870045C70C /* ViewController.swift in Sources */ = {isa = PBXBuildFile; fileRef = 45FA941F2CB2F3870045C70C /* ViewController.swift */; };
		45FA94232CB2F3870045C70C /* Base in Resources */ = {isa = PBXBuildFile; fileRef = 45FA94222CB2F3870045C70C /* Base */; };
		45FA94252CB2F3880045C70C /* Assets.xcassets in Resources */ = {isa = PBXBuildFile; fileRef = 45FA94242CB2F3880045C70C /* Assets.xcassets */; };
		45FA94282CB2F3880045C70C /* Base in Resources */ = {isa = PBXBuildFile; fileRef = 45FA94272CB2F3880045C70C /* Base */; };
		45FA94392CB2F4AC0045C70C /* Window.docc in Sources */ = {isa = PBXBuildFile; fileRef = 45FA94382CB2F4AC0045C70C /* Window.docc */; };
		45FA943A2CB2F4AC0045C70C /* Window.h in Headers */ = {isa = PBXBuildFile; fileRef = 45FA94372CB2F4AC0045C70C /* Window.h */; settings = {ATTRIBUTES = (Public, ); }; };
		45FA943D2CB2F4AC0045C70C /* Window.framework in Frameworks */ = {isa = PBXBuildFile; fileRef = 45FA94352CB2F4AC0045C70C /* Window.framework */; };
		45FA943E2CB2F4AC0045C70C /* Window.framework in Embed Frameworks */ = {isa = PBXBuildFile; fileRef = 45FA94352CB2F4AC0045C70C /* Window.framework */; settings = {ATTRIBUTES = (CodeSignOnCopy, RemoveHeadersOnCopy, ); }; };
		45FA94442CB2F5AD0045C70C /* Window.swift in Sources */ = {isa = PBXBuildFile; fileRef = 45FA94432CB2F5AD0045C70C /* Window.swift */; };
		45FA94462CB2F61B0045C70C /* Presenter.swift in Sources */ = {isa = PBXBuildFile; fileRef = 45FA94452CB2F61B0045C70C /* Presenter.swift */; };
		45FA94492CB2F6D20045C70C /* Router.swift in Sources */ = {isa = PBXBuildFile; fileRef = 45FA94472CB2F6730045C70C /* Router.swift */; };
		45FA944B2CB2F7250045C70C /* Builder.swift in Sources */ = {isa = PBXBuildFile; fileRef = 45FA944A2CB2F7250045C70C /* Builder.swift */; };
/* End PBXBuildFile section */

/* Begin PBXContainerItemProxy section */
		45FA943B2CB2F4AC0045C70C /* PBXContainerItemProxy */ = {
			isa = PBXContainerItemProxy;
			containerPortal = 45FA94102CB2F3870045C70C /* Project object */;
			proxyType = 1;
			remoteGlobalIDString = 45FA94342CB2F4AC0045C70C;
			remoteInfo = Window;
		};
/* End PBXContainerItemProxy section */

/* Begin PBXCopyFilesBuildPhase section */
		45FA94422CB2F4AC0045C70C /* Embed Frameworks */ = {
			isa = PBXCopyFilesBuildPhase;
			buildActionMask = 2147483647;
			dstPath = "";
			dstSubfolderSpec = 10;
			files = (
				45FA943E2CB2F4AC0045C70C /* Window.framework in Embed Frameworks */,
			);
			name = "Embed Frameworks";
			runOnlyForDeploymentPostprocessing = 0;
		};
/* End PBXCopyFilesBuildPhase section */

/* Begin PBXFileReference section */
		45FA94182CB2F3870045C70C /* iChatApp.app */ = {isa = PBXFileReference; explicitFileType = wrapper.application; includeInIndex = 0; path = iChatApp.app; sourceTree = BUILT_PRODUCTS_DIR; };
		45FA941B2CB2F3870045C70C /* AppDelegate.swift */ = {isa = PBXFileReference; lastKnownFileType = sourcecode.swift; path = AppDelegate.swift; sourceTree = "<group>"; };
		45FA941D2CB2F3870045C70C /* SceneDelegate.swift */ = {isa = PBXFileReference; lastKnownFileType = sourcecode.swift; path = SceneDelegate.swift; sourceTree = "<group>"; };
		45FA941F2CB2F3870045C70C /* ViewController.swift */ = {isa = PBXFileReference; lastKnownFileType = sourcecode.swift; path = ViewController.swift; sourceTree = "<group>"; };
		45FA94222CB2F3870045C70C /* Base */ = {isa = PBXFileReference; lastKnownFileType = file.storyboard; name = Base; path = Base.lproj/Main.storyboard; sourceTree = "<group>"; };
		45FA94242CB2F3880045C70C /* Assets.xcassets */ = {isa = PBXFileReference; lastKnownFileType = folder.assetcatalog; path = Assets.xcassets; sourceTree = "<group>"; };
		45FA94272CB2F3880045C70C /* Base */ = {isa = PBXFileReference; lastKnownFileType = file.storyboard; name = Base; path = Base.lproj/LaunchScreen.storyboard; sourceTree = "<group>"; };
		45FA94292CB2F3880045C70C /* Info.plist */ = {isa = PBXFileReference; lastKnownFileType = text.plist.xml; path = Info.plist; sourceTree = "<group>"; };
		45FA94352CB2F4AC0045C70C /* Window.framework */ = {isa = PBXFileReference; explicitFileType = wrapper.framework; includeInIndex = 0; path = Window.framework; sourceTree = BUILT_PRODUCTS_DIR; };
		45FA94372CB2F4AC0045C70C /* Window.h */ = {isa = PBXFileReference; lastKnownFileType = sourcecode.c.h; path = Window.h; sourceTree = "<group>"; };
		45FA94382CB2F4AC0045C70C /* Window.docc */ = {isa = PBXFileReference; lastKnownFileType = folder.documentationcatalog; path = Window.docc; sourceTree = "<group>"; };
		45FA94432CB2F5AD0045C70C /* Window.swift */ = {isa = PBXFileReference; lastKnownFileType = sourcecode.swift; path = Window.swift; sourceTree = "<group>"; };
		45FA94452CB2F61B0045C70C /* Presenter.swift */ = {isa = PBXFileReference; lastKnownFileType = sourcecode.swift; path = Presenter.swift; sourceTree = "<group>"; };
		45FA94472CB2F6730045C70C /* Router.swift */ = {isa = PBXFileReference; lastKnownFileType = sourcecode.swift; path = Router.swift; sourceTree = "<group>"; };
		45FA944A2CB2F7250045C70C /* Builder.swift */ = {isa = PBXFileReference; lastKnownFileType = sourcecode.swift; path = Builder.swift; sourceTree = "<group>"; };
/* End PBXFileReference section */

/* Begin PBXFrameworksBuildPhase section */
		45FA94152CB2F3870045C70C /* Frameworks */ = {
			isa = PBXFrameworksBuildPhase;
			buildActionMask = 2147483647;
			files = (
				45FA943D2CB2F4AC0045C70C /* Window.framework in Frameworks */,
			);
			runOnlyForDeploymentPostprocessing = 0;
		};
		45FA94322CB2F4AC0045C70C /* Frameworks */ = {
			isa = PBXFrameworksBuildPhase;
			buildActionMask = 2147483647;
			files = (
			);
			runOnlyForDeploymentPostprocessing = 0;
		};
/* End PBXFrameworksBuildPhase section */

/* Begin PBXGroup section */
		45FA940F2CB2F3870045C70C = {
			isa = PBXGroup;
			children = (
				45FA941A2CB2F3870045C70C /* iChatApp */,
				45FA94192CB2F3870045C70C /* Products */,
			);
			sourceTree = "<group>";
		};
		45FA94192CB2F3870045C70C /* Products */ = {
			isa = PBXGroup;
			children = (
				45FA94182CB2F3870045C70C /* iChatApp.app */,
				45FA94352CB2F4AC0045C70C /* Window.framework */,
			);
			name = Products;
			sourceTree = "<group>";
		};
		45FA941A2CB2F3870045C70C /* iChatApp */ = {
			isa = PBXGroup;
			children = (
				45FA942F2CB2F46C0045C70C /* Modules */,
				45FA941B2CB2F3870045C70C /* AppDelegate.swift */,
				45FA941D2CB2F3870045C70C /* SceneDelegate.swift */,
				45FA941F2CB2F3870045C70C /* ViewController.swift */,
				45FA94212CB2F3870045C70C /* Main.storyboard */,
				45FA94242CB2F3880045C70C /* Assets.xcassets */,
				45FA94262CB2F3880045C70C /* LaunchScreen.storyboard */,
				45FA94292CB2F3880045C70C /* Info.plist */,
			);
			path = iChatApp;
			sourceTree = "<group>";
		};
		45FA942F2CB2F46C0045C70C /* Modules */ = {
			isa = PBXGroup;
			children = (
				45FA94362CB2F4AC0045C70C /* Window */,
			);
			path = Modules;
			sourceTree = "<group>";
		};
		45FA94362CB2F4AC0045C70C /* Window */ = {
			isa = PBXGroup;
			children = (
				45FA94372CB2F4AC0045C70C /* Window.h */,
				45FA94382CB2F4AC0045C70C /* Window.docc */,
				45FA94432CB2F5AD0045C70C /* Window.swift */,
				45FA94452CB2F61B0045C70C /* Presenter.swift */,
				45FA94472CB2F6730045C70C /* Router.swift */,
				45FA944A2CB2F7250045C70C /* Builder.swift */,
			);
			path = Window;
			sourceTree = "<group>";
		};
/* End PBXGroup section */

/* Begin PBXHeadersBuildPhase section */
		45FA94302CB2F4AC0045C70C /* Headers */ = {
			isa = PBXHeadersBuildPhase;
			buildActionMask = 2147483647;
			files = (
				45FA943A2CB2F4AC0045C70C /* Window.h in Headers */,
			);
			runOnlyForDeploymentPostprocessing = 0;
		};
/* End PBXHeadersBuildPhase section */

/* Begin PBXNativeTarget section */
		45FA94172CB2F3870045C70C /* iChatApp */ = {
			isa = PBXNativeTarget;
			buildConfigurationList = 45FA942C2CB2F3880045C70C /* Build configuration list for PBXNativeTarget "iChatApp" */;
			buildPhases = (
				45FA94142CB2F3870045C70C /* Sources */,
				45FA94152CB2F3870045C70C /* Frameworks */,
				45FA94162CB2F3870045C70C /* Resources */,
				45FA94422CB2F4AC0045C70C /* Embed Frameworks */,
			);
			buildRules = (
			);
			dependencies = (
				45FA943C2CB2F4AC0045C70C /* PBXTargetDependency */,
			);
			name = iChatApp;
			productName = iChatApp;
			productReference = 45FA94182CB2F3870045C70C /* iChatApp.app */;
			productType = "com.apple.product-type.application";
		};
		45FA94342CB2F4AC0045C70C /* Window */ = {
			isa = PBXNativeTarget;
			buildConfigurationList = 45FA943F2CB2F4AC0045C70C /* Build configuration list for PBXNativeTarget "Window" */;
			buildPhases = (
				45FA94302CB2F4AC0045C70C /* Headers */,
				45FA94312CB2F4AC0045C70C /* Sources */,
				45FA94322CB2F4AC0045C70C /* Frameworks */,
				45FA94332CB2F4AC0045C70C /* Resources */,
			);
			buildRules = (
			);
			dependencies = (
			);
			name = Window;
			productName = Window;
			productReference = 45FA94352CB2F4AC0045C70C /* Window.framework */;
			productType = "com.apple.product-type.framework";
		};
/* End PBXNativeTarget section */

/* Begin PBXProject section */
		45FA94102CB2F3870045C70C /* Project object */ = {
			isa = PBXProject;
			attributes = {
				BuildIndependentTargetsInParallel = 1;
				LastSwiftUpdateCheck = 1540;
				LastUpgradeCheck = 1540;
				TargetAttributes = {
					45FA94172CB2F3870045C70C = {
						CreatedOnToolsVersion = 15.4;
					};
					45FA94342CB2F4AC0045C70C = {
						CreatedOnToolsVersion = 15.4;
					};
				};
			};
			buildConfigurationList = 45FA94132CB2F3870045C70C /* Build configuration list for PBXProject "iChatApp" */;
			compatibilityVersion = "Xcode 14.0";
			developmentRegion = en;
			hasScannedForEncodings = 0;
			knownRegions = (
				en,
				Base,
			);
			mainGroup = 45FA940F2CB2F3870045C70C;
			productRefGroup = 45FA94192CB2F3870045C70C /* Products */;
			projectDirPath = "";
			projectRoot = "";
			targets = (
				45FA94172CB2F3870045C70C /* iChatApp */,
				45FA94342CB2F4AC0045C70C /* Window */,
			);
		};
/* End PBXProject section */

/* Begin PBXResourcesBuildPhase section */
		45FA94162CB2F3870045C70C /* Resources */ = {
			isa = PBXResourcesBuildPhase;
			buildActionMask = 2147483647;
			files = (
				45FA94252CB2F3880045C70C /* Assets.xcassets in Resources */,
				45FA94282CB2F3880045C70C /* Base in Resources */,
				45FA94232CB2F3870045C70C /* Base in Resources */,
			);
			runOnlyForDeploymentPostprocessing = 0;
		};
		45FA94332CB2F4AC0045C70C /* Resources */ = {
			isa = PBXResourcesBuildPhase;
			buildActionMask = 2147483647;
			files = (
			);
			runOnlyForDeploymentPostprocessing = 0;
		};
/* End PBXResourcesBuildPhase section */

/* Begin PBXSourcesBuildPhase section */
		45FA94142CB2F3870045C70C /* Sources */ = {
			isa = PBXSourcesBuildPhase;
			buildActionMask = 2147483647;
			files = (
				45FA94202CB2F3870045C70C /* ViewController.swift in Sources */,
				45FA941C2CB2F3870045C70C /* AppDelegate.swift in Sources */,
				45FA941E2CB2F3870045C70C /* SceneDelegate.swift in Sources */,
			);
			runOnlyForDeploymentPostprocessing = 0;
		};
		45FA94312CB2F4AC0045C70C /* Sources */ = {
			isa = PBXSourcesBuildPhase;
			buildActionMask = 2147483647;
			files = (
				45FA94492CB2F6D20045C70C /* Router.swift in Sources */,
				45FA94462CB2F61B0045C70C /* Presenter.swift in Sources */,
				45FA94392CB2F4AC0045C70C /* Window.docc in Sources */,
				45FA94442CB2F5AD0045C70C /* Window.swift in Sources */,
				45FA944B2CB2F7250045C70C /* Builder.swift in Sources */,
			);
			runOnlyForDeploymentPostprocessing = 0;
		};
/* End PBXSourcesBuildPhase section */

/* Begin PBXTargetDependency section */
		45FA943C2CB2F4AC0045C70C /* PBXTargetDependency */ = {
			isa = PBXTargetDependency;
			target = 45FA94342CB2F4AC0045C70C /* Window */;
			targetProxy = 45FA943B2CB2F4AC0045C70C /* PBXContainerItemProxy */;
		};
/* End PBXTargetDependency section */

/* Begin PBXVariantGroup section */
		45FA94212CB2F3870045C70C /* Main.storyboard */ = {
			isa = PBXVariantGroup;
			children = (
				45FA94222CB2F3870045C70C /* Base */,
			);
			name = Main.storyboard;
			sourceTree = "<group>";
		};
		45FA94262CB2F3880045C70C /* LaunchScreen.storyboard */ = {
			isa = PBXVariantGroup;
			children = (
				45FA94272CB2F3880045C70C /* Base */,
			);
			name = LaunchScreen.storyboard;
			sourceTree = "<group>";
		};
/* End PBXVariantGroup section */

/* Begin XCBuildConfiguration section */
		45FA942A2CB2F3880045C70C /* Debug */ = {
			isa = XCBuildConfiguration;
			buildSettings = {
				ALWAYS_SEARCH_USER_PATHS = NO;
				ASSETCATALOG_COMPILER_GENERATE_SWIFT_ASSET_SYMBOL_EXTENSIONS = YES;
				CLANG_ANALYZER_NONNULL = YES;
				CLANG_ANALYZER_NUMBER_OBJECT_CONVERSION = YES_AGGRESSIVE;
				CLANG_CXX_LANGUAGE_STANDARD = "gnu++20";
				CLANG_ENABLE_MODULES = YES;
				CLANG_ENABLE_OBJC_ARC = YES;
				CLANG_ENABLE_OBJC_WEAK = YES;
				CLANG_WARN_BLOCK_CAPTURE_AUTORELEASING = YES;
				CLANG_WARN_BOOL_CONVERSION = YES;
				CLANG_WARN_COMMA = YES;
				CLANG_WARN_CONSTANT_CONVERSION = YES;
				CLANG_WARN_DEPRECATED_OBJC_IMPLEMENTATIONS = YES;
				CLANG_WARN_DIRECT_OBJC_ISA_USAGE = YES_ERROR;
				CLANG_WARN_DOCUMENTATION_COMMENTS = YES;
				CLANG_WARN_EMPTY_BODY = YES;
				CLANG_WARN_ENUM_CONVERSION = YES;
				CLANG_WARN_INFINITE_RECURSION = YES;
				CLANG_WARN_INT_CONVERSION = YES;
				CLANG_WARN_NON_LITERAL_NULL_CONVERSION = YES;
				CLANG_WARN_OBJC_IMPLICIT_RETAIN_SELF = YES;
				CLANG_WARN_OBJC_LITERAL_CONVERSION = YES;
				CLANG_WARN_OBJC_ROOT_CLASS = YES_ERROR;
				CLANG_WARN_QUOTED_INCLUDE_IN_FRAMEWORK_HEADER = YES;
				CLANG_WARN_RANGE_LOOP_ANALYSIS = YES;
				CLANG_WARN_STRICT_PROTOTYPES = YES;
				CLANG_WARN_SUSPICIOUS_MOVE = YES;
				CLANG_WARN_UNGUARDED_AVAILABILITY = YES_AGGRESSIVE;
				CLANG_WARN_UNREACHABLE_CODE = YES;
				CLANG_WARN__DUPLICATE_METHOD_MATCH = YES;
				COPY_PHASE_STRIP = NO;
				DEBUG_INFORMATION_FORMAT = dwarf;
				ENABLE_STRICT_OBJC_MSGSEND = YES;
				ENABLE_TESTABILITY = YES;
				ENABLE_USER_SCRIPT_SANDBOXING = YES;
				GCC_C_LANGUAGE_STANDARD = gnu17;
				GCC_DYNAMIC_NO_PIC = NO;
				GCC_NO_COMMON_BLOCKS = YES;
				GCC_OPTIMIZATION_LEVEL = 0;
				GCC_PREPROCESSOR_DEFINITIONS = (
					"DEBUG=1",
					"$(inherited)",
				);
				GCC_WARN_64_TO_32_BIT_CONVERSION = YES;
				GCC_WARN_ABOUT_RETURN_TYPE = YES_ERROR;
				GCC_WARN_UNDECLARED_SELECTOR = YES;
				GCC_WARN_UNINITIALIZED_AUTOS = YES_AGGRESSIVE;
				GCC_WARN_UNUSED_FUNCTION = YES;
				GCC_WARN_UNUSED_VARIABLE = YES;
				IPHONEOS_DEPLOYMENT_TARGET = 17.5;
				LOCALIZATION_PREFERS_STRING_CATALOGS = YES;
				MTL_ENABLE_DEBUG_INFO = INCLUDE_SOURCE;
				MTL_FAST_MATH = YES;
				ONLY_ACTIVE_ARCH = YES;
				SDKROOT = iphoneos;
				SWIFT_ACTIVE_COMPILATION_CONDITIONS = "DEBUG $(inherited)";
				SWIFT_OPTIMIZATION_LEVEL = "-Onone";
			};
			name = Debug;
		};
		45FA942B2CB2F3880045C70C /* Release */ = {
			isa = XCBuildConfiguration;
			buildSettings = {
				ALWAYS_SEARCH_USER_PATHS = NO;
				ASSETCATALOG_COMPILER_GENERATE_SWIFT_ASSET_SYMBOL_EXTENSIONS = YES;
				CLANG_ANALYZER_NONNULL = YES;
				CLANG_ANALYZER_NUMBER_OBJECT_CONVERSION = YES_AGGRESSIVE;
				CLANG_CXX_LANGUAGE_STANDARD = "gnu++20";
				CLANG_ENABLE_MODULES = YES;
				CLANG_ENABLE_OBJC_ARC = YES;
				CLANG_ENABLE_OBJC_WEAK = YES;
				CLANG_WARN_BLOCK_CAPTURE_AUTORELEASING = YES;
				CLANG_WARN_BOOL_CONVERSION = YES;
				CLANG_WARN_COMMA = YES;
				CLANG_WARN_CONSTANT_CONVERSION = YES;
				CLANG_WARN_DEPRECATED_OBJC_IMPLEMENTATIONS = YES;
				CLANG_WARN_DIRECT_OBJC_ISA_USAGE = YES_ERROR;
				CLANG_WARN_DOCUMENTATION_COMMENTS = YES;
				CLANG_WARN_EMPTY_BODY = YES;
				CLANG_WARN_ENUM_CONVERSION = YES;
				CLANG_WARN_INFINITE_RECURSION = YES;
				CLANG_WARN_INT_CONVERSION = YES;
				CLANG_WARN_NON_LITERAL_NULL_CONVERSION = YES;
				CLANG_WARN_OBJC_IMPLICIT_RETAIN_SELF = YES;
				CLANG_WARN_OBJC_LITERAL_CONVERSION = YES;
				CLANG_WARN_OBJC_ROOT_CLASS = YES_ERROR;
				CLANG_WARN_QUOTED_INCLUDE_IN_FRAMEWORK_HEADER = YES;
				CLANG_WARN_RANGE_LOOP_ANALYSIS = YES;
				CLANG_WARN_STRICT_PROTOTYPES = YES;
				CLANG_WARN_SUSPICIOUS_MOVE = YES;
				CLANG_WARN_UNGUARDED_AVAILABILITY = YES_AGGRESSIVE;
				CLANG_WARN_UNREACHABLE_CODE = YES;
				CLANG_WARN__DUPLICATE_METHOD_MATCH = YES;
				COPY_PHASE_STRIP = NO;
				DEBUG_INFORMATION_FORMAT = "dwarf-with-dsym";
				ENABLE_NS_ASSERTIONS = NO;
				ENABLE_STRICT_OBJC_MSGSEND = YES;
				ENABLE_USER_SCRIPT_SANDBOXING = YES;
				GCC_C_LANGUAGE_STANDARD = gnu17;
				GCC_NO_COMMON_BLOCKS = YES;
				GCC_WARN_64_TO_32_BIT_CONVERSION = YES;
				GCC_WARN_ABOUT_RETURN_TYPE = YES_ERROR;
				GCC_WARN_UNDECLARED_SELECTOR = YES;
				GCC_WARN_UNINITIALIZED_AUTOS = YES_AGGRESSIVE;
				GCC_WARN_UNUSED_FUNCTION = YES;
				GCC_WARN_UNUSED_VARIABLE = YES;
				IPHONEOS_DEPLOYMENT_TARGET = 17.5;
				LOCALIZATION_PREFERS_STRING_CATALOGS = YES;
				MTL_ENABLE_DEBUG_INFO = NO;
				MTL_FAST_MATH = YES;
				SDKROOT = iphoneos;
				SWIFT_COMPILATION_MODE = wholemodule;
				VALIDATE_PRODUCT = YES;
			};
			name = Release;
		};
		45FA942D2CB2F3880045C70C /* Debug */ = {
			isa = XCBuildConfiguration;
			buildSettings = {
				ALWAYS_EMBED_SWIFT_STANDARD_LIBRARIES = YES;
				ASSETCATALOG_COMPILER_APPICON_NAME = AppIcon;
				ASSETCATALOG_COMPILER_GLOBAL_ACCENT_COLOR_NAME = AccentColor;
				CODE_SIGN_STYLE = Automatic;
				CURRENT_PROJECT_VERSION = 1;
				DEVELOPMENT_TEAM = N2G2NDDG29;
				GENERATE_INFOPLIST_FILE = YES;
				INFOPLIST_FILE = iChatApp/Info.plist;
				INFOPLIST_KEY_UIApplicationSupportsIndirectInputEvents = YES;
				INFOPLIST_KEY_UILaunchStoryboardName = LaunchScreen;
				INFOPLIST_KEY_UISupportedInterfaceOrientations_iPad = "UIInterfaceOrientationPortrait UIInterfaceOrientationPortraitUpsideDown UIInterfaceOrientationLandscapeLeft UIInterfaceOrientationLandscapeRight";
				INFOPLIST_KEY_UISupportedInterfaceOrientations_iPhone = "UIInterfaceOrientationPortrait UIInterfaceOrientationLandscapeLeft UIInterfaceOrientationLandscapeRight";
				IPHONEOS_DEPLOYMENT_TARGET = 15.5;
				LD_RUNPATH_SEARCH_PATHS = (
					"$(inherited)",
					"@executable_path/Frameworks",
				);
				MARKETING_VERSION = 1.0;
				PRODUCT_BUNDLE_IDENTIFIER = com.ahmettarik.application.viper.iChatApp;
				PRODUCT_NAME = "$(TARGET_NAME)";
				SUPPORTED_PLATFORMS = "iphoneos iphonesimulator";
				SUPPORTS_MACCATALYST = NO;
				SUPPORTS_MAC_DESIGNED_FOR_IPHONE_IPAD = NO;
				SUPPORTS_XR_DESIGNED_FOR_IPHONE_IPAD = NO;
				SWIFT_EMIT_LOC_STRINGS = YES;
				SWIFT_VERSION = 5.0;
				TARGETED_DEVICE_FAMILY = "1,2";
			};
			name = Debug;
		};
		45FA942E2CB2F3880045C70C /* Release */ = {
			isa = XCBuildConfiguration;
			buildSettings = {
				ALWAYS_EMBED_SWIFT_STANDARD_LIBRARIES = YES;
				ASSETCATALOG_COMPILER_APPICON_NAME = AppIcon;
				ASSETCATALOG_COMPILER_GLOBAL_ACCENT_COLOR_NAME = AccentColor;
				CODE_SIGN_STYLE = Automatic;
				CURRENT_PROJECT_VERSION = 1;
				DEVELOPMENT_TEAM = N2G2NDDG29;
				GENERATE_INFOPLIST_FILE = YES;
				INFOPLIST_FILE = iChatApp/Info.plist;
				INFOPLIST_KEY_UIApplicationSupportsIndirectInputEvents = YES;
				INFOPLIST_KEY_UILaunchStoryboardName = LaunchScreen;
				INFOPLIST_KEY_UISupportedInterfaceOrientations_iPad = "UIInterfaceOrientationPortrait UIInterfaceOrientationPortraitUpsideDown UIInterfaceOrientationLandscapeLeft UIInterfaceOrientationLandscapeRight";
				INFOPLIST_KEY_UISupportedInterfaceOrientations_iPhone = "UIInterfaceOrientationPortrait UIInterfaceOrientationLandscapeLeft UIInterfaceOrientationLandscapeRight";
				IPHONEOS_DEPLOYMENT_TARGET = 15.5;
				LD_RUNPATH_SEARCH_PATHS = (
					"$(inherited)",
					"@executable_path/Frameworks",
				);
				MARKETING_VERSION = 1.0;
				PRODUCT_BUNDLE_IDENTIFIER = com.ahmettarik.application.viper.iChatApp;
				PRODUCT_NAME = "$(TARGET_NAME)";
				SUPPORTED_PLATFORMS = "iphoneos iphonesimulator";
				SUPPORTS_MACCATALYST = NO;
				SUPPORTS_MAC_DESIGNED_FOR_IPHONE_IPAD = NO;
				SUPPORTS_XR_DESIGNED_FOR_IPHONE_IPAD = NO;
				SWIFT_EMIT_LOC_STRINGS = YES;
				SWIFT_VERSION = 5.0;
				TARGETED_DEVICE_FAMILY = "1,2";
			};
			name = Release;
		};
		45FA94402CB2F4AC0045C70C /* Debug */ = {
			isa = XCBuildConfiguration;
			buildSettings = {
				BUILD_LIBRARY_FOR_DISTRIBUTION = YES;
				CODE_SIGN_STYLE = Automatic;
				CURRENT_PROJECT_VERSION = 1;
				DEFINES_MODULE = YES;
				DEVELOPMENT_TEAM = N2G2NDDG29;
				DYLIB_COMPATIBILITY_VERSION = 1;
				DYLIB_CURRENT_VERSION = 1;
				DYLIB_INSTALL_NAME_BASE = "@rpath";
				ENABLE_MODULE_VERIFIER = YES;
				GENERATE_INFOPLIST_FILE = YES;
				INFOPLIST_KEY_NSHumanReadableCopyright = "";
				INSTALL_PATH = "$(LOCAL_LIBRARY_DIR)/Frameworks";
				IPHONEOS_DEPLOYMENT_TARGET = 15.5;
				LD_RUNPATH_SEARCH_PATHS = (
					"$(inherited)",
					"@executable_path/Frameworks",
					"@loader_path/Frameworks",
				);
				MARKETING_VERSION = 1.0;
				MODULE_VERIFIER_SUPPORTED_LANGUAGES = "objective-c objective-c++";
				MODULE_VERIFIER_SUPPORTED_LANGUAGE_STANDARDS = "gnu17 gnu++20";
				PRODUCT_BUNDLE_IDENTIFIER = com.ahmettarik.application.viper.Window;
				PRODUCT_NAME = "$(TARGET_NAME:c99extidentifier)";
				SKIP_INSTALL = YES;
				SUPPORTED_PLATFORMS = "iphoneos iphonesimulator";
				SUPPORTS_MACCATALYST = NO;
				SUPPORTS_MAC_DESIGNED_FOR_IPHONE_IPAD = NO;
				SUPPORTS_XR_DESIGNED_FOR_IPHONE_IPAD = NO;
				SWIFT_EMIT_LOC_STRINGS = YES;
				SWIFT_INSTALL_OBJC_HEADER = NO;
				SWIFT_VERSION = 5.0;
				TARGETED_DEVICE_FAMILY = "1,2";
				VERSIONING_SYSTEM = "apple-generic";
				VERSION_INFO_PREFIX = "";
			};
			name = Debug;
		};
		45FA94412CB2F4AC0045C70C /* Release */ = {
			isa = XCBuildConfiguration;
			buildSettings = {
				BUILD_LIBRARY_FOR_DISTRIBUTION = YES;
				CODE_SIGN_STYLE = Automatic;
				CURRENT_PROJECT_VERSION = 1;
				DEFINES_MODULE = YES;
				DEVELOPMENT_TEAM = N2G2NDDG29;
				DYLIB_COMPATIBILITY_VERSION = 1;
				DYLIB_CURRENT_VERSION = 1;
				DYLIB_INSTALL_NAME_BASE = "@rpath";
				ENABLE_MODULE_VERIFIER = YES;
				GENERATE_INFOPLIST_FILE = YES;
				INFOPLIST_KEY_NSHumanReadableCopyright = "";
				INSTALL_PATH = "$(LOCAL_LIBRARY_DIR)/Frameworks";
				IPHONEOS_DEPLOYMENT_TARGET = 15.5;
				LD_RUNPATH_SEARCH_PATHS = (
					"$(inherited)",
					"@executable_path/Frameworks",
					"@loader_path/Frameworks",
				);
				MARKETING_VERSION = 1.0;
				MODULE_VERIFIER_SUPPORTED_LANGUAGES = "objective-c objective-c++";
				MODULE_VERIFIER_SUPPORTED_LANGUAGE_STANDARDS = "gnu17 gnu++20";
				PRODUCT_BUNDLE_IDENTIFIER = com.ahmettarik.application.viper.Window;
				PRODUCT_NAME = "$(TARGET_NAME:c99extidentifier)";
				SKIP_INSTALL = YES;
				SUPPORTED_PLATFORMS = "iphoneos iphonesimulator";
				SUPPORTS_MACCATALYST = NO;
				SUPPORTS_MAC_DESIGNED_FOR_IPHONE_IPAD = NO;
				SUPPORTS_XR_DESIGNED_FOR_IPHONE_IPAD = NO;
				SWIFT_EMIT_LOC_STRINGS = YES;
				SWIFT_INSTALL_OBJC_HEADER = NO;
				SWIFT_VERSION = 5.0;
				TARGETED_DEVICE_FAMILY = "1,2";
				VERSIONING_SYSTEM = "apple-generic";
				VERSION_INFO_PREFIX = "";
			};
			name = Release;
		};
/* End XCBuildConfiguration section */

/* Begin XCConfigurationList section */
		45FA94132CB2F3870045C70C /* Build configuration list for PBXProject "iChatApp" */ = {
			isa = XCConfigurationList;
			buildConfigurations = (
				45FA942A2CB2F3880045C70C /* Debug */,
				45FA942B2CB2F3880045C70C /* Release */,
			);
			defaultConfigurationIsVisible = 0;
			defaultConfigurationName = Release;
		};
		45FA942C2CB2F3880045C70C /* Build configuration list for PBXNativeTarget "iChatApp" */ = {
			isa = XCConfigurationList;
			buildConfigurations = (
				45FA942D2CB2F3880045C70C /* Debug */,
				45FA942E2CB2F3880045C70C /* Release */,
			);
			defaultConfigurationIsVisible = 0;
			defaultConfigurationName = Release;
		};
		45FA943F2CB2F4AC0045C70C /* Build configuration list for PBXNativeTarget "Window" */ = {
			isa = XCConfigurationList;
			buildConfigurations = (
				45FA94402CB2F4AC0045C70C /* Debug */,
				45FA94412CB2F4AC0045C70C /* Release */,
			);
			defaultConfigurationIsVisible = 0;
			defaultConfigurationName = Release;
		};
/* End XCConfigurationList section */
	};
	rootObject = 45FA94102CB2F3870045C70C /* Project object */;
}
